
Microsoft Visual Studio Solution File, Format Version 12.00
# Visual Studio 15
VisualStudioVersion = 15.0.28010.2003
MinimumVisualStudioVersion = 10.0.40219.1
Project("{FAE04EC0-301F-11D3-BF4B-00C04F79EFBC}") = "App3_LayoutXF.Android", "App3_LayoutXF\App3_LayoutXF.Android\App3_LayoutXF.Android.csproj", "{5ABE5163-5CF0-42A0-A31D-59434481081B}"
EndProject
Project("{FAE04EC0-301F-11D3-BF4B-00C04F79EFBC}") = "App3_LayoutXF.iOS", "App3_LayoutXF\App3_LayoutXF.iOS\App3_LayoutXF.iOS.csproj", "{D05B8F08-D172-4FBD-A492-17A5621DF278}"
EndProject
Project("{FAE04EC0-301F-11D3-BF4B-00C04F79EFBC}") = "App3_LayoutXF.UWP", "App3_LayoutXF\App3_LayoutXF.UWP\App3_LayoutXF.UWP.csproj", "{56B685E9-ABFF-4EF5-9CA6-CA90CF33EFDE}"
EndProject
Project("{FAE04EC0-301F-11D3-BF4B-00C04F79EFBC}") = "App3_LayoutXF", "App3_LayoutXF\App3_LayoutXF\App3_LayoutXF.csproj", "{CD8863E6-A797-4695-B148-8F033EA76BE4}"
EndProject
Global
	GlobalSection(SolutionConfigurationPlatforms) = preSolution
		Ad-Hoc|Any CPU = Ad-Hoc|Any CPU
		Ad-Hoc|ARM = Ad-Hoc|ARM
		Ad-Hoc|iPhone = Ad-Hoc|iPhone
		Ad-Hoc|iPhoneSimulator = Ad-Hoc|iPhoneSimulator
		Ad-Hoc|x64 = Ad-Hoc|x64
		Ad-Hoc|x86 = Ad-Hoc|x86
		AppStore|Any CPU = AppStore|Any CPU
		AppStore|ARM = AppStore|ARM
		AppStore|iPhone = AppStore|iPhone
		AppStore|iPhoneSimulator = AppStore|iPhoneSimulator
		AppStore|x64 = AppStore|x64
		AppStore|x86 = AppStore|x86
		Debug|Any CPU = Debug|Any CPU
		Debug|ARM = Debug|ARM
		Debug|iPhone = Debug|iPhone
		Debug|iPhoneSimulator = Debug|iPhoneSimulator
		Debug|x64 = Debug|x64
		Debug|x86 = Debug|x86
		Release|Any CPU = Release|Any CPU
		Release|ARM = Release|ARM
		Release|iPhone = Release|iPhone
		Release|iPhoneSimulator = Release|iPhoneSimulator
		Release|x64 = Release|x64
		Release|x86 = Release|x86
	EndGlobalSection
	GlobalSection(ProjectConfigurationPlatforms) = postSolution
		{5ABE5163-5CF0-42A0-A31D-59434481081B}.Ad-Hoc|Any CPU.ActiveCfg = Release|Any CPU
		{5ABE5163-5CF0-42A0-A31D-59434481081B}.Ad-Hoc|Any CPU.Build.0 = Release|Any CPU
		{5ABE5163-5CF0-42A0-A31D-59434481081B}.Ad-Hoc|Any CPU.Deploy.0 = Release|Any CPU
		{5ABE5163-5CF0-42A0-A31D-59434481081B}.Ad-Hoc|ARM.ActiveCfg = Release|Any CPU
		{5ABE5163-5CF0-42A0-A31D-59434481081B}.Ad-Hoc|ARM.Build.0 = Release|Any CPU
		{5ABE5163-5CF0-42A0-A31D-59434481081B}.Ad-Hoc|ARM.Deploy.0 = Release|Any CPU
		{5ABE5163-5CF0-42A0-A31D-59434481081B}.Ad-Hoc|iPhone.ActiveCfg = Release|Any CPU
		{5ABE5163-5CF0-42A0-A31D-59434481081B}.Ad-Hoc|iPhone.Build.0 = Release|Any CPU
		{5ABE5163-5CF0-42A0-A31D-59434481081B}.Ad-Hoc|iPhone.Deploy.0 = Release|Any CPU
		{5ABE5163-5CF0-42A0-A31D-59434481081B}.Ad-Hoc|iPhoneSimulator.ActiveCfg = Release|Any CPU
		{5ABE5163-5CF0-42A0-A31D-59434481081B}.Ad-Hoc|iPhoneSimulator.Build.0 = Release|Any CPU
		{5ABE5163-5CF0-42A0-A31D-59434481081B}.Ad-Hoc|iPhoneSimulator.Deploy.0 = Release|Any CPU
		{5ABE5163-5CF0-42A0-A31D-59434481081B}.Ad-Hoc|x64.ActiveCfg = Release|Any CPU
		{5ABE5163-5CF0-42A0-A31D-59434481081B}.Ad-Hoc|x64.Build.0 = Release|Any CPU
		{5ABE5163-5CF0-42A0-A31D-59434481081B}.Ad-Hoc|x64.Deploy.0 = Release|Any CPU
		{5ABE5163-5CF0-42A0-A31D-59434481081B}.Ad-Hoc|x86.ActiveCfg = Release|Any CPU
		{5ABE5163-5CF0-42A0-A31D-59434481081B}.Ad-Hoc|x86.Build.0 = Release|Any CPU
		{5ABE5163-5CF0-42A0-A31D-59434481081B}.Ad-Hoc|x86.Deploy.0 = Release|Any CPU
		{5ABE5163-5CF0-42A0-A31D-59434481081B}.AppStore|Any CPU.ActiveCfg = Release|Any CPU
		{5ABE5163-5CF0-42A0-A31D-59434481081B}.AppStore|Any CPU.Build.0 = Release|Any CPU
		{5ABE5163-5CF0-42A0-A31D-59434481081B}.AppStore|Any CPU.Deploy.0 = Release|Any CPU
		{5ABE5163-5CF0-42A0-A31D-59434481081B}.AppStore|ARM.ActiveCfg = Release|Any CPU
		{5ABE5163-5CF0-42A0-A31D-59434481081B}.AppStore|ARM.Build.0 = Release|Any CPU
		{5ABE5163-5CF0-42A0-A31D-59434481081B}.AppStore|ARM.Deploy.0 = Release|Any CPU
		{5ABE5163-5CF0-42A0-A31D-59434481081B}.AppStore|iPhone.ActiveCfg = Release|Any CPU
		{5ABE5163-5CF0-42A0-A31D-59434481081B}.AppStore|iPhone.Build.0 = Release|Any CPU
		{5ABE5163-5CF0-42A0-A31D-59434481081B}.AppStore|iPhone.Deploy.0 = Release|Any CPU
		{5ABE5163-5CF0-42A0-A31D-59434481081B}.AppStore|iPhoneSimulator.ActiveCfg = Release|Any CPU
		{5ABE5163-5CF0-42A0-A31D-59434481081B}.AppStore|iPhoneSimulator.Build.0 = Release|Any CPU
		{5ABE5163-5CF0-42A0-A31D-59434481081B}.AppStore|iPhoneSimulator.Deploy.0 = Release|Any CPU
		{5ABE5163-5CF0-42A0-A31D-59434481081B}.AppStore|x64.ActiveCfg = Release|Any CPU
		{5ABE5163-5CF0-42A0-A31D-59434481081B}.AppStore|x64.Build.0 = Release|Any CPU
		{5ABE5163-5CF0-42A0-A31D-59434481081B}.AppStore|x64.Deploy.0 = Release|Any CPU
		{5ABE5163-5CF0-42A0-A31D-59434481081B}.AppStore|x86.ActiveCfg = Release|Any CPU
		{5ABE5163-5CF0-42A0-A31D-59434481081B}.AppStore|x86.Build.0 = Release|Any CPU
		{5ABE5163-5CF0-42A0-A31D-59434481081B}.AppStore|x86.Deploy.0 = Release|Any CPU
		{5ABE5163-5CF0-42A0-A31D-59434481081B}.Debug|Any CPU.ActiveCfg = Debug|Any CPU
		{5ABE5163-5CF0-42A0-A31D-59434481081B}.Debug|Any CPU.Build.0 = Debug|Any CPU
		{5ABE5163-5CF0-42A0-A31D-59434481081B}.Debug|Any CPU.Deploy.0 = Debug|Any CPU
		{5ABE5163-5CF0-42A0-A31D-59434481081B}.Debug|ARM.ActiveCfg = Debug|Any CPU
		{5ABE5163-5CF0-42A0-A31D-59434481081B}.Debug|ARM.Build.0 = Debug|Any CPU
		{5ABE5163-5CF0-42A0-A31D-59434481081B}.Debug|ARM.Deploy.0 = Debug|Any CPU
		{5ABE5163-5CF0-42A0-A31D-59434481081B}.Debug|iPhone.ActiveCfg = Debug|Any CPU
		{5ABE5163-5CF0-42A0-A31D-59434481081B}.Debug|iPhone.Build.0 = Debug|Any CPU
		{5ABE5163-5CF0-42A0-A31D-59434481081B}.Debug|iPhone.Deploy.0 = Debug|Any CPU
		{5ABE5163-5CF0-42A0-A31D-59434481081B}.Debug|iPhoneSimulator.ActiveCfg = Debug|Any CPU
		{5ABE5163-5CF0-42A0-A31D-59434481081B}.Debug|iPhoneSimulator.Build.0 = Debug|Any CPU
		{5ABE5163-5CF0-42A0-A31D-59434481081B}.Debug|iPhoneSimulator.Deploy.0 = Debug|Any CPU
		{5ABE5163-5CF0-42A0-A31D-59434481081B}.Debug|x64.ActiveCfg = Debug|Any CPU
		{5ABE5163-5CF0-42A0-A31D-59434481081B}.Debug|x64.Build.0 = Debug|Any CPU
		{5ABE5163-5CF0-42A0-A31D-59434481081B}.Debug|x64.Deploy.0 = Debug|Any CPU
		{5ABE5163-5CF0-42A0-A31D-59434481081B}.Debug|x86.ActiveCfg = Debug|Any CPU
		{5ABE5163-5CF0-42A0-A31D-59434481081B}.Debug|x86.Build.0 = Debug|Any CPU
		{5ABE5163-5CF0-42A0-A31D-59434481081B}.Debug|x86.Deploy.0 = Debug|Any CPU
		{5ABE5163-5CF0-42A0-A31D-59434481081B}.Release|Any CPU.ActiveCfg = Release|Any CPU
		{5ABE5163-5CF0-42A0-A31D-59434481081B}.Release|Any CPU.Build.0 = Release|Any CPU
		{5ABE5163-5CF0-42A0-A31D-59434481081B}.Release|Any CPU.Deploy.0 = Release|Any CPU
		{5ABE5163-5CF0-42A0-A31D-59434481081B}.Release|ARM.ActiveCfg = Release|Any CPU
		{5ABE5163-5CF0-42A0-A31D-59434481081B}.Release|ARM.Build.0 = Release|Any CPU
		{5ABE5163-5CF0-42A0-A31D-59434481081B}.Release|ARM.Deploy.0 = Release|Any CPU
		{5ABE5163-5CF0-42A0-A31D-59434481081B}.Release|iPhone.ActiveCfg = Release|Any CPU
		{5ABE5163-5CF0-42A0-A31D-59434481081B}.Release|iPhone.Build.0 = Release|Any CPU
		{5ABE5163-5CF0-42A0-A31D-59434481081B}.Release|iPhone.Deploy.0 = Release|Any CPU
		{5ABE5163-5CF0-42A0-A31D-59434481081B}.Release|iPhoneSimulator.ActiveCfg = Release|Any CPU
		{5ABE5163-5CF0-42A0-A31D-59434481081B}.Release|iPhoneSimulator.Build.0 = Release|Any CPU
		{5ABE5163-5CF0-42A0-A31D-59434481081B}.Release|iPhoneSimulator.Deploy.0 = Release|Any CPU
		{5ABE5163-5CF0-42A0-A31D-59434481081B}.Release|x64.ActiveCfg = Release|Any CPU
		{5ABE5163-5CF0-42A0-A31D-59434481081B}.Release|x64.Build.0 = Release|Any CPU
		{5ABE5163-5CF0-42A0-A31D-59434481081B}.Release|x64.Deploy.0 = Release|Any CPU
		{5ABE5163-5CF0-42A0-A31D-59434481081B}.Release|x86.ActiveCfg = Release|Any CPU
		{5ABE5163-5CF0-42A0-A31D-59434481081B}.Release|x86.Build.0 = Release|Any CPU
		{5ABE5163-5CF0-42A0-A31D-59434481081B}.Release|x86.Deploy.0 = Release|Any CPU
		{D05B8F08-D172-4FBD-A492-17A5621DF278}.Ad-Hoc|Any CPU.ActiveCfg = Ad-Hoc|iPhone
		{D05B8F08-D172-4FBD-A492-17A5621DF278}.Ad-Hoc|Any CPU.Build.0 = Ad-Hoc|iPhone
		{D05B8F08-D172-4FBD-A492-17A5621DF278}.Ad-Hoc|Any CPU.Deploy.0 = Ad-Hoc|iPhone
		{D05B8F08-D172-4FBD-A492-17A5621DF278}.Ad-Hoc|ARM.ActiveCfg = Ad-Hoc|iPhone
		{D05B8F08-D172-4FBD-A492-17A5621DF278}.Ad-Hoc|ARM.Build.0 = Ad-Hoc|iPhone
		{D05B8F08-D172-4FBD-A492-17A5621DF278}.Ad-Hoc|ARM.Deploy.0 = Ad-Hoc|iPhone
		{D05B8F08-D172-4FBD-A492-17A5621DF278}.Ad-Hoc|iPhone.ActiveCfg = Ad-Hoc|iPhone
		{D05B8F08-D172-4FBD-A492-17A5621DF278}.Ad-Hoc|iPhone.Build.0 = Ad-Hoc|iPhone
		{D05B8F08-D172-4FBD-A492-17A5621DF278}.Ad-Hoc|iPhone.Deploy.0 = Ad-Hoc|iPhone
		{D05B8F08-D172-4FBD-A492-17A5621DF278}.Ad-Hoc|iPhoneSimulator.ActiveCfg = Ad-Hoc|iPhoneSimulator
		{D05B8F08-D172-4FBD-A492-17A5621DF278}.Ad-Hoc|iPhoneSimulator.Build.0 = Ad-Hoc|iPhoneSimulator
		{D05B8F08-D172-4FBD-A492-17A5621DF278}.Ad-Hoc|iPhoneSimulator.Deploy.0 = Ad-Hoc|iPhoneSimulator
		{D05B8F08-D172-4FBD-A492-17A5621DF278}.Ad-Hoc|x64.ActiveCfg = Ad-Hoc|iPhone
		{D05B8F08-D172-4FBD-A492-17A5621DF278}.Ad-Hoc|x64.Build.0 = Ad-Hoc|iPhone
		{D05B8F08-D172-4FBD-A492-17A5621DF278}.Ad-Hoc|x64.Deploy.0 = Ad-Hoc|iPhone
		{D05B8F08-D172-4FBD-A492-17A5621DF278}.Ad-Hoc|x86.ActiveCfg = Ad-Hoc|iPhone
		{D05B8F08-D172-4FBD-A492-17A5621DF278}.Ad-Hoc|x86.Build.0 = Ad-Hoc|iPhone
		{D05B8F08-D172-4FBD-A492-17A5621DF278}.Ad-Hoc|x86.Deploy.0 = Ad-Hoc|iPhone
		{D05B8F08-D172-4FBD-A492-17A5621DF278}.AppStore|Any CPU.ActiveCfg = AppStore|iPhone
		{D05B8F08-D172-4FBD-A492-17A5621DF278}.AppStore|Any CPU.Build.0 = AppStore|iPhone
		{D05B8F08-D172-4FBD-A492-17A5621DF278}.AppStore|Any CPU.Deploy.0 = AppStore|iPhone
		{D05B8F08-D172-4FBD-A492-17A5621DF278}.AppStore|ARM.ActiveCfg = AppStore|iPhone
		{D05B8F08-D172-4FBD-A492-17A5621DF278}.AppStore|ARM.Build.0 = AppStore|iPhone
		{D05B8F08-D172-4FBD-A492-17A5621DF278}.AppStore|ARM.Deploy.0 = AppStore|iPhone
		{D05B8F08-D172-4FBD-A492-17A5621DF278}.AppStore|iPhone.ActiveCfg = AppStore|iPhone
		{D05B8F08-D172-4FBD-A492-17A5621DF278}.AppStore|iPhone.Build.0 = AppStore|iPhone
		{D05B8F08-D172-4FBD-A492-17A5621DF278}.AppStore|iPhone.Deploy.0 = AppStore|iPhone
		{D05B8F08-D172-4FBD-A492-17A5621DF278}.AppStore|iPhoneSimulator.ActiveCfg = AppStore|iPhoneSimulator
		{D05B8F08-D172-4FBD-A492-17A5621DF278}.AppStore|iPhoneSimulator.Build.0 = AppStore|iPhoneSimulator
		{D05B8F08-D172-4FBD-A492-17A5621DF278}.AppStore|iPhoneSimulator.Deploy.0 = AppStore|iPhoneSimulator
		{D05B8F08-D172-4FBD-A492-17A5621DF278}.AppStore|x64.ActiveCfg = AppStore|iPhone
		{D05B8F08-D172-4FBD-A492-17A5621DF278}.AppStore|x64.Build.0 = AppStore|iPhone
		{D05B8F08-D172-4FBD-A492-17A5621DF278}.AppStore|x64.Deploy.0 = AppStore|iPhone
		{D05B8F08-D172-4FBD-A492-17A5621DF278}.AppStore|x86.ActiveCfg = AppStore|iPhone
		{D05B8F08-D172-4FBD-A492-17A5621DF278}.AppStore|x86.Build.0 = AppStore|iPhone
		{D05B8F08-D172-4FBD-A492-17A5621DF278}.AppStore|x86.Deploy.0 = AppStore|iPhone
		{D05B8F08-D172-4FBD-A492-17A5621DF278}.Debug|Any CPU.ActiveCfg = Debug|iPhoneSimulator
		{D05B8F08-D172-4FBD-A492-17A5621DF278}.Debug|Any CPU.Build.0 = Debug|iPhoneSimulator
		{D05B8F08-D172-4FBD-A492-17A5621DF278}.Debug|Any CPU.Deploy.0 = Debug|iPhoneSimulator
		{D05B8F08-D172-4FBD-A492-17A5621DF278}.Debug|ARM.ActiveCfg = Debug|iPhone
		{D05B8F08-D172-4FBD-A492-17A5621DF278}.Debug|ARM.Build.0 = Debug|iPhone
		{D05B8F08-D172-4FBD-A492-17A5621DF278}.Debug|ARM.Deploy.0 = Debug|iPhone
		{D05B8F08-D172-4FBD-A492-17A5621DF278}.Debug|iPhone.ActiveCfg = Debug|iPhone
		{D05B8F08-D172-4FBD-A492-17A5621DF278}.Debug|iPhone.Build.0 = Debug|iPhone
		{D05B8F08-D172-4FBD-A492-17A5621DF278}.Debug|iPhone.Deploy.0 = Debug|iPhone
		{D05B8F08-D172-4FBD-A492-17A5621DF278}.Debug|iPhoneSimulator.ActiveCfg = Debug|iPhoneSimulator
		{D05B8F08-D172-4FBD-A492-17A5621DF278}.Debug|iPhoneSimulator.Build.0 = Debug|iPhoneSimulator
		{D05B8F08-D172-4FBD-A492-17A5621DF278}.Debug|iPhoneSimulator.Deploy.0 = Debug|iPhoneSimulator
		{D05B8F08-D172-4FBD-A492-17A5621DF278}.Debug|x64.ActiveCfg = Debug|iPhone
		{D05B8F08-D172-4FBD-A492-17A5621DF278}.Debug|x64.Build.0 = Debug|iPhone
		{D05B8F08-D172-4FBD-A492-17A5621DF278}.Debug|x64.Deploy.0 = Debug|iPhone
		{D05B8F08-D172-4FBD-A492-17A5621DF278}.Debug|x86.ActiveCfg = Debug|iPhone
		{D05B8F08-D172-4FBD-A492-17A5621DF278}.Debug|x86.Build.0 = Debug|iPhone
		{D05B8F08-D172-4FBD-A492-17A5621DF278}.Debug|x86.Deploy.0 = Debug|iPhone
		{D05B8F08-D172-4FBD-A492-17A5621DF278}.Release|Any CPU.ActiveCfg = Release|iPhone
		{D05B8F08-D172-4FBD-A492-17A5621DF278}.Release|Any CPU.Build.0 = Release|iPhone
		{D05B8F08-D172-4FBD-A492-17A5621DF278}.Release|Any CPU.Deploy.0 = Release|iPhone
		{D05B8F08-D172-4FBD-A492-17A5621DF278}.Release|ARM.ActiveCfg = Release|iPhone
		{D05B8F08-D172-4FBD-A492-17A5621DF278}.Release|ARM.Build.0 = Release|iPhone
		{D05B8F08-D172-4FBD-A492-17A5621DF278}.Release|ARM.Deploy.0 = Release|iPhone
		{D05B8F08-D172-4FBD-A492-17A5621DF278}.Release|iPhone.ActiveCfg = Release|iPhone
		{D05B8F08-D172-4FBD-A492-17A5621DF278}.Release|iPhone.Build.0 = Release|iPhone
		{D05B8F08-D172-4FBD-A492-17A5621DF278}.Release|iPhone.Deploy.0 = Release|iPhone
		{D05B8F08-D172-4FBD-A492-17A5621DF278}.Release|iPhoneSimulator.ActiveCfg = Release|iPhoneSimulator
		{D05B8F08-D172-4FBD-A492-17A5621DF278}.Release|iPhoneSimulator.Build.0 = Release|iPhoneSimulator
		{D05B8F08-D172-4FBD-A492-17A5621DF278}.Release|iPhoneSimulator.Deploy.0 = Release|iPhoneSimulator
		{D05B8F08-D172-4FBD-A492-17A5621DF278}.Release|x64.ActiveCfg = Release|iPhone
		{D05B8F08-D172-4FBD-A492-17A5621DF278}.Release|x64.Build.0 = Release|iPhone
		{D05B8F08-D172-4FBD-A492-17A5621DF278}.Release|x64.Deploy.0 = Release|iPhone
		{D05B8F08-D172-4FBD-A492-17A5621DF278}.Release|x86.ActiveCfg = Release|iPhone
		{D05B8F08-D172-4FBD-A492-17A5621DF278}.Release|x86.Build.0 = Release|iPhone
		{D05B8F08-D172-4FBD-A492-17A5621DF278}.Release|x86.Deploy.0 = Release|iPhone
		{56B685E9-ABFF-4EF5-9CA6-CA90CF33EFDE}.Ad-Hoc|Any CPU.ActiveCfg = Release|x86
		{56B685E9-ABFF-4EF5-9CA6-CA90CF33EFDE}.Ad-Hoc|Any CPU.Build.0 = Release|x86
		{56B685E9-ABFF-4EF5-9CA6-CA90CF33EFDE}.Ad-Hoc|Any CPU.Deploy.0 = Release|x86
		{56B685E9-ABFF-4EF5-9CA6-CA90CF33EFDE}.Ad-Hoc|ARM.ActiveCfg = Release|ARM
		{56B685E9-ABFF-4EF5-9CA6-CA90CF33EFDE}.Ad-Hoc|ARM.Build.0 = Release|ARM
		{56B685E9-ABFF-4EF5-9CA6-CA90CF33EFDE}.Ad-Hoc|ARM.Deploy.0 = Release|ARM
		{56B685E9-ABFF-4EF5-9CA6-CA90CF33EFDE}.Ad-Hoc|iPhone.ActiveCfg = Release|x86
		{56B685E9-ABFF-4EF5-9CA6-CA90CF33EFDE}.Ad-Hoc|iPhone.Build.0 = Release|x86
		{56B685E9-ABFF-4EF5-9CA6-CA90CF33EFDE}.Ad-Hoc|iPhone.Deploy.0 = Release|x86
		{56B685E9-ABFF-4EF5-9CA6-CA90CF33EFDE}.Ad-Hoc|iPhoneSimulator.ActiveCfg = Release|x86
		{56B685E9-ABFF-4EF5-9CA6-CA90CF33EFDE}.Ad-Hoc|iPhoneSimulator.Build.0 = Release|x86
		{56B685E9-ABFF-4EF5-9CA6-CA90CF33EFDE}.Ad-Hoc|iPhoneSimulator.Deploy.0 = Release|x86
		{56B685E9-ABFF-4EF5-9CA6-CA90CF33EFDE}.Ad-Hoc|x64.ActiveCfg = Release|x64
		{56B685E9-ABFF-4EF5-9CA6-CA90CF33EFDE}.Ad-Hoc|x64.Build.0 = Release|x64
		{56B685E9-ABFF-4EF5-9CA6-CA90CF33EFDE}.Ad-Hoc|x64.Deploy.0 = Release|x64
		{56B685E9-ABFF-4EF5-9CA6-CA90CF33EFDE}.Ad-Hoc|x86.ActiveCfg = Release|x86
		{56B685E9-ABFF-4EF5-9CA6-CA90CF33EFDE}.Ad-Hoc|x86.Build.0 = Release|x86
		{56B685E9-ABFF-4EF5-9CA6-CA90CF33EFDE}.Ad-Hoc|x86.Deploy.0 = Release|x86
		{56B685E9-ABFF-4EF5-9CA6-CA90CF33EFDE}.AppStore|Any CPU.ActiveCfg = Release|x86
		{56B685E9-ABFF-4EF5-9CA6-CA90CF33EFDE}.AppStore|Any CPU.Build.0 = Release|x86
		{56B685E9-ABFF-4EF5-9CA6-CA90CF33EFDE}.AppStore|Any CPU.Deploy.0 = Release|x86
		{56B685E9-ABFF-4EF5-9CA6-CA90CF33EFDE}.AppStore|ARM.ActiveCfg = Release|ARM
		{56B685E9-ABFF-4EF5-9CA6-CA90CF33EFDE}.AppStore|ARM.Build.0 = Release|ARM
		{56B685E9-ABFF-4EF5-9CA6-CA90CF33EFDE}.AppStore|ARM.Deploy.0 = Release|ARM
		{56B685E9-ABFF-4EF5-9CA6-CA90CF33EFDE}.AppStore|iPhone.ActiveCfg = Release|x86
		{56B685E9-ABFF-4EF5-9CA6-CA90CF33EFDE}.AppStore|iPhone.Build.0 = Release|x86
		{56B685E9-ABFF-4EF5-9CA6-CA90CF33EFDE}.AppStore|iPhone.Deploy.0 = Release|x86
		{56B685E9-ABFF-4EF5-9CA6-CA90CF33EFDE}.AppStore|iPhoneSimulator.ActiveCfg = Release|x86
		{56B685E9-ABFF-4EF5-9CA6-CA90CF33EFDE}.AppStore|iPhoneSimulator.Build.0 = Release|x86
		{56B685E9-ABFF-4EF5-9CA6-CA90CF33EFDE}.AppStore|iPhoneSimulator.Deploy.0 = Release|x86
		{56B685E9-ABFF-4EF5-9CA6-CA90CF33EFDE}.AppStore|x64.ActiveCfg = Release|x64
		{56B685E9-ABFF-4EF5-9CA6-CA90CF33EFDE}.AppStore|x64.Build.0 = Release|x64
		{56B685E9-ABFF-4EF5-9CA6-CA90CF33EFDE}.AppStore|x64.Deploy.0 = Release|x64
		{56B685E9-ABFF-4EF5-9CA6-CA90CF33EFDE}.AppStore|x86.ActiveCfg = Release|x86
		{56B685E9-ABFF-4EF5-9CA6-CA90CF33EFDE}.AppStore|x86.Build.0 = Release|x86
		{56B685E9-ABFF-4EF5-9CA6-CA90CF33EFDE}.AppStore|x86.Deploy.0 = Release|x86
		{56B685E9-ABFF-4EF5-9CA6-CA90CF33EFDE}.Debug|Any CPU.ActiveCfg = Debug|x86
		{56B685E9-ABFF-4EF5-9CA6-CA90CF33EFDE}.Debug|Any CPU.Build.0 = Debug|x86
		{56B685E9-ABFF-4EF5-9CA6-CA90CF33EFDE}.Debug|Any CPU.Deploy.0 = Debug|x86
		{56B685E9-ABFF-4EF5-9CA6-CA90CF33EFDE}.Debug|ARM.ActiveCfg = Debug|ARM
		{56B685E9-ABFF-4EF5-9CA6-CA90CF33EFDE}.Debug|ARM.Build.0 = Debug|ARM
		{56B685E9-ABFF-4EF5-9CA6-CA90CF33EFDE}.Debug|ARM.Deploy.0 = Debug|ARM
		{56B685E9-ABFF-4EF5-9CA6-CA90CF33EFDE}.Debug|iPhone.ActiveCfg = Debug|x86
		{56B685E9-ABFF-4EF5-9CA6-CA90CF33EFDE}.Debug|iPhone.Build.0 = Debug|x86
		{56B685E9-ABFF-4EF5-9CA6-CA90CF33EFDE}.Debug|iPhone.Deploy.0 = Debug|x86
		{56B685E9-ABFF-4EF5-9CA6-CA90CF33EFDE}.Debug|iPhoneSimulator.ActiveCfg = Debug|x86
		{56B685E9-ABFF-4EF5-9CA6-CA90CF33EFDE}.Debug|iPhoneSimulator.Build.0 = Debug|x86
		{56B685E9-ABFF-4EF5-9CA6-CA90CF33EFDE}.Debug|iPhoneSimulator.Deploy.0 = Debug|x86
		{56B685E9-ABFF-4EF5-9CA6-CA90CF33EFDE}.Debug|x64.ActiveCfg = Debug|x64
		{56B685E9-ABFF-4EF5-9CA6-CA90CF33EFDE}.Debug|x64.Build.0 = Debug|x64
		{56B685E9-ABFF-4EF5-9CA6-CA90CF33EFDE}.Debug|x64.Deploy.0 = Debug|x64
		{56B685E9-ABFF-4EF5-9CA6-CA90CF33EFDE}.Debug|x86.ActiveCfg = Debug|x86
		{56B685E9-ABFF-4EF5-9CA6-CA90CF33EFDE}.Debug|x86.Build.0 = Debug|x86
		{56B685E9-ABFF-4EF5-9CA6-CA90CF33EFDE}.Debug|x86.Deploy.0 = Debug|x86
		{56B685E9-ABFF-4EF5-9CA6-CA90CF33EFDE}.Release|Any CPU.ActiveCfg = Release|x86
		{56B685E9-ABFF-4EF5-9CA6-CA90CF33EFDE}.Release|Any CPU.Build.0 = Release|x86
		{56B685E9-ABFF-4EF5-9CA6-CA90CF33EFDE}.Release|Any CPU.Deploy.0 = Release|x86
		{56B685E9-ABFF-4EF5-9CA6-CA90CF33EFDE}.Release|ARM.ActiveCfg = Release|ARM
		{56B685E9-ABFF-4EF5-9CA6-CA90CF33EFDE}.Release|ARM.Build.0 = Release|ARM
		{56B685E9-ABFF-4EF5-9CA6-CA90CF33EFDE}.Release|ARM.Deploy.0 = Release|ARM
		{56B685E9-ABFF-4EF5-9CA6-CA90CF33EFDE}.Release|iPhone.ActiveCfg = Release|x86
		{56B685E9-ABFF-4EF5-9CA6-CA90CF33EFDE}.Release|iPhone.Build.0 = Release|x86
		{56B685E9-ABFF-4EF5-9CA6-CA90CF33EFDE}.Release|iPhone.Deploy.0 = Release|x86
		{56B685E9-ABFF-4EF5-9CA6-CA90CF33EFDE}.Release|iPhoneSimulator.ActiveCfg = Release|x86
		{56B685E9-ABFF-4EF5-9CA6-CA90CF33EFDE}.Release|iPhoneSimulator.Build.0 = Release|x86
		{56B685E9-ABFF-4EF5-9CA6-CA90CF33EFDE}.Release|iPhoneSimulator.Deploy.0 = Release|x86
		{56B685E9-ABFF-4EF5-9CA6-CA90CF33EFDE}.Release|x64.ActiveCfg = Release|x64
		{56B685E9-ABFF-4EF5-9CA6-CA90CF33EFDE}.Release|x64.Build.0 = Release|x64
		{56B685E9-ABFF-4EF5-9CA6-CA90CF33EFDE}.Release|x64.Deploy.0 = Release|x64
		{56B685E9-ABFF-4EF5-9CA6-CA90CF33EFDE}.Release|x86.ActiveCfg = Release|x86
		{56B685E9-ABFF-4EF5-9CA6-CA90CF33EFDE}.Release|x86.Build.0 = Release|x86
		{56B685E9-ABFF-4EF5-9CA6-CA90CF33EFDE}.Release|x86.Deploy.0 = Release|x86
		{CD8863E6-A797-4695-B148-8F033EA76BE4}.Ad-Hoc|Any CPU.ActiveCfg = Debug|Any CPU
		{CD8863E6-A797-4695-B148-8F033EA76BE4}.Ad-Hoc|Any CPU.Build.0 = Debug|Any CPU
		{CD8863E6-A797-4695-B148-8F033EA76BE4}.Ad-Hoc|Any CPU.Deploy.0 = Debug|Any CPU
		{CD8863E6-A797-4695-B148-8F033EA76BE4}.Ad-Hoc|ARM.ActiveCfg = Debug|Any CPU
		{CD8863E6-A797-4695-B148-8F033EA76BE4}.Ad-Hoc|ARM.Build.0 = Debug|Any CPU
		{CD8863E6-A797-4695-B148-8F033EA76BE4}.Ad-Hoc|ARM.Deploy.0 = Debug|Any CPU
		{CD8863E6-A797-4695-B148-8F033EA76BE4}.Ad-Hoc|iPhone.ActiveCfg = Debug|Any CPU
		{CD8863E6-A797-4695-B148-8F033EA76BE4}.Ad-Hoc|iPhone.Build.0 = Debug|Any CPU
		{CD8863E6-A797-4695-B148-8F033EA76BE4}.Ad-Hoc|iPhone.Deploy.0 = Debug|Any CPU
		{CD8863E6-A797-4695-B148-8F033EA76BE4}.Ad-Hoc|iPhoneSimulator.ActiveCfg = Debug|Any CPU
		{CD8863E6-A797-4695-B148-8F033EA76BE4}.Ad-Hoc|iPhoneSimulator.Build.0 = Debug|Any CPU
		{CD8863E6-A797-4695-B148-8F033EA76BE4}.Ad-Hoc|iPhoneSimulator.Deploy.0 = Debug|Any CPU
		{CD8863E6-A797-4695-B148-8F033EA76BE4}.Ad-Hoc|x64.ActiveCfg = Debug|Any CPU
		{CD8863E6-A797-4695-B148-8F033EA76BE4}.Ad-Hoc|x64.Build.0 = Debug|Any CPU
		{CD8863E6-A797-4695-B148-8F033EA76BE4}.Ad-Hoc|x64.Deploy.0 = Debug|Any CPU
		{CD8863E6-A797-4695-B148-8F033EA76BE4}.Ad-Hoc|x86.ActiveCfg = Debug|Any CPU
		{CD8863E6-A797-4695-B148-8F033EA76BE4}.Ad-Hoc|x86.Build.0 = Debug|Any CPU
		{CD8863E6-A797-4695-B148-8F033EA76BE4}.Ad-Hoc|x86.Deploy.0 = Debug|Any CPU
		{CD8863E6-A797-4695-B148-8F033EA76BE4}.AppStore|Any CPU.ActiveCfg = Debug|Any CPU
		{CD8863E6-A797-4695-B148-8F033EA76BE4}.AppStore|Any CPU.Build.0 = Debug|Any CPU
		{CD8863E6-A797-4695-B148-8F033EA76BE4}.AppStore|Any CPU.Deploy.0 = Debug|Any CPU
		{CD8863E6-A797-4695-B148-8F033EA76BE4}.AppStore|ARM.ActiveCfg = Debug|Any CPU
		{CD8863E6-A797-4695-B148-8F033EA76BE4}.AppStore|ARM.Build.0 = Debug|Any CPU
		{CD8863E6-A797-4695-B148-8F033EA76BE4}.AppStore|ARM.Deploy.0 = Debug|Any CPU
		{CD8863E6-A797-4695-B148-8F033EA76BE4}.AppStore|iPhone.ActiveCfg = Debug|Any CPU
		{CD8863E6-A797-4695-B148-8F033EA76BE4}.AppStore|iPhone.Build.0 = Debug|Any CPU
		{CD8863E6-A797-4695-B148-8F033EA76BE4}.AppStore|iPhone.Deploy.0 = Debug|Any CPU
		{CD8863E6-A797-4695-B148-8F033EA76BE4}.AppStore|iPhoneSimulator.ActiveCfg = Debug|Any CPU
		{CD8863E6-A797-4695-B148-8F033EA76BE4}.AppStore|iPhoneSimulator.Build.0 = Debug|Any CPU
		{CD8863E6-A797-4695-B148-8F033EA76BE4}.AppStore|iPhoneSimulator.Deploy.0 = Debug|Any CPU
		{CD8863E6-A797-4695-B148-8F033EA76BE4}.AppStore|x64.ActiveCfg = Debug|Any CPU
		{CD8863E6-A797-4695-B148-8F033EA76BE4}.AppStore|x64.Build.0 = Debug|Any CPU
		{CD8863E6-A797-4695-B148-8F033EA76BE4}.AppStore|x64.Deploy.0 = Debug|Any CPU
		{CD8863E6-A797-4695-B148-8F033EA76BE4}.AppStore|x86.ActiveCfg = Debug|Any CPU
		{CD8863E6-A797-4695-B148-8F033EA76BE4}.AppStore|x86.Build.0 = Debug|Any CPU
		{CD8863E6-A797-4695-B148-8F033EA76BE4}.AppStore|x86.Deploy.0 = Debug|Any CPU
		{CD8863E6-A797-4695-B148-8F033EA76BE4}.Debug|Any CPU.ActiveCfg = Debug|Any CPU
		{CD8863E6-A797-4695-B148-8F033EA76BE4}.Debug|Any CPU.Build.0 = Debug|Any CPU
		{CD8863E6-A797-4695-B148-8F033EA76BE4}.Debug|Any CPU.Deploy.0 = Debug|Any CPU
		{CD8863E6-A797-4695-B148-8F033EA76BE4}.Debug|ARM.ActiveCfg = Debug|Any CPU
		{CD8863E6-A797-4695-B148-8F033EA76BE4}.Debug|ARM.Build.0 = Debug|Any CPU
		{CD8863E6-A797-4695-B148-8F033EA76BE4}.Debug|ARM.Deploy.0 = Debug|Any CPU
		{CD8863E6-A797-4695-B148-8F033EA76BE4}.Debug|iPhone.ActiveCfg = Debug|Any CPU
		{CD8863E6-A797-4695-B148-8F033EA76BE4}.Debug|iPhone.Build.0 = Debug|Any CPU
		{CD8863E6-A797-4695-B148-8F033EA76BE4}.Debug|iPhone.Deploy.0 = Debug|Any CPU
		{CD8863E6-A797-4695-B148-8F033EA76BE4}.Debug|iPhoneSimulator.ActiveCfg = Debug|Any CPU
		{CD8863E6-A797-4695-B148-8F033EA76BE4}.Debug|iPhoneSimulator.Build.0 = Debug|Any CPU
		{CD8863E6-A797-4695-B148-8F033EA76BE4}.Debug|iPhoneSimulator.Deploy.0 = Debug|Any CPU
		{CD8863E6-A797-4695-B148-8F033EA76BE4}.Debug|x64.ActiveCfg = Debug|Any CPU
		{CD8863E6-A797-4695-B148-8F033EA76BE4}.Debug|x64.Build.0 = Debug|Any CPU
		{CD8863E6-A797-4695-B148-8F033EA76BE4}.Debug|x64.Deploy.0 = Debug|Any CPU
		{CD8863E6-A797-4695-B148-8F033EA76BE4}.Debug|x86.ActiveCfg = Debug|Any CPU
		{CD8863E6-A797-4695-B148-8F033EA76BE4}.Debug|x86.Build.0 = Debug|Any CPU
		{CD8863E6-A797-4695-B148-8F033EA76BE4}.Debug|x86.Deploy.0 = Debug|Any CPU
		{CD8863E6-A797-4695-B148-8F033EA76BE4}.Release|Any CPU.ActiveCfg = Release|Any CPU
		{CD8863E6-A797-4695-B148-8F033EA76BE4}.Release|Any CPU.Build.0 = Release|Any CPU
		{CD8863E6-A797-4695-B148-8F033EA76BE4}.Release|Any CPU.Deploy.0 = Release|Any CPU
		{CD8863E6-A797-4695-B148-8F033EA76BE4}.Release|ARM.ActiveCfg = Release|Any CPU
		{CD8863E6-A797-4695-B148-8F033EA76BE4}.Release|ARM.Build.0 = Release|Any CPU
		{CD8863E6-A797-4695-B148-8F033EA76BE4}.Release|ARM.Deploy.0 = Release|Any CPU
		{CD8863E6-A797-4695-B148-8F033EA76BE4}.Release|iPhone.ActiveCfg = Release|Any CPU
		{CD8863E6-A797-4695-B148-8F033EA76BE4}.Release|iPhone.Build.0 = Release|Any CPU
		{CD8863E6-A797-4695-B148-8F033EA76BE4}.Release|iPhone.Deploy.0 = Release|Any CPU
		{CD8863E6-A797-4695-B148-8F033EA76BE4}.Release|iPhoneSimulator.ActiveCfg = Release|Any CPU
		{CD8863E6-A797-4695-B148-8F033EA76BE4}.Release|iPhoneSimulator.Build.0 = Release|Any CPU
		{CD8863E6-A797-4695-B148-8F033EA76BE4}.Release|iPhoneSimulator.Deploy.0 = Release|Any CPU
		{CD8863E6-A797-4695-B148-8F033EA76BE4}.Release|x64.ActiveCfg = Release|Any CPU
		{CD8863E6-A797-4695-B148-8F033EA76BE4}.Release|x64.Build.0 = Release|Any CPU
		{CD8863E6-A797-4695-B148-8F033EA76BE4}.Release|x64.Deploy.0 = Release|Any CPU
		{CD8863E6-A797-4695-B148-8F033EA76BE4}.Release|x86.ActiveCfg = Release|Any CPU
		{CD8863E6-A797-4695-B148-8F033EA76BE4}.Release|x86.Build.0 = Release|Any CPU
		{CD8863E6-A797-4695-B148-8F033EA76BE4}.Release|x86.Deploy.0 = Release|Any CPU
	EndGlobalSection
	GlobalSection(SolutionProperties) = preSolution
		HideSolutionNode = FALSE
	EndGlobalSection
	GlobalSection(ExtensibilityGlobals) = postSolution
		SolutionGuid = {3E66925B-C6E3-4B5B-A010-C8ACE1A5371F}
	EndGlobalSection
EndGlobal
