
Microsoft Visual Studio Solution File, Format Version 12.00
# Visual Studio 15
VisualStudioVersion = 15.0.28010.2003
MinimumVisualStudioVersion = 10.0.40219.1
Project("{FAE04EC0-301F-11D3-BF4B-00C04F79EFBC}") = "App01_ConsultarCEP.Android", "App01_ConsultarCEP\App01_ConsultarCEP.Android\App01_ConsultarCEP.Android.csproj", "{A4E3C99D-69FC-4C7F-8EB7-83F57BBCBC8B}"
EndProject
Project("{FAE04EC0-301F-11D3-BF4B-00C04F79EFBC}") = "App01_ConsultarCEP.iOS", "App01_ConsultarCEP\App01_ConsultarCEP.iOS\App01_ConsultarCEP.iOS.csproj", "{67060FE4-368B-4586-9860-82AC71AE7040}"
EndProject
Project("{FAE04EC0-301F-11D3-BF4B-00C04F79EFBC}") = "App01_ConsultarCEP.UWP", "App01_ConsultarCEP\App01_ConsultarCEP.UWP\App01_ConsultarCEP.UWP.csproj", "{E8F8630B-07AD-4EBF-879F-32C5CF387DB3}"
EndProject
Project("{FAE04EC0-301F-11D3-BF4B-00C04F79EFBC}") = "App01_ConsultarCEP", "App01_ConsultarCEP\App01_ConsultarCEP\App01_ConsultarCEP.csproj", "{9B9BBBD9-683E-4253-BF30-7C70D30B215C}"
EndProject
Project("{FAE04EC0-301F-11D3-BF4B-00C04F79EFBC}") = "App01_ConsultarCEP.Tests", "App01_ConsultarCEP\App01_ConsultarCEP.Tests\App01_ConsultarCEP.Tests.csproj", "{F6AAC97C-6A47-4E3B-9E4F-A8C5C1B25323}"
EndProject
Global
	GlobalSection(SolutionConfigurationPlatforms) = preSolution
		Ad-Hoc|Any CPU = Ad-Hoc|Any CPU
		Ad-Hoc|ARM = Ad-Hoc|ARM
		Ad-Hoc|iPhone = Ad-Hoc|iPhone
		Ad-Hoc|iPhoneSimulator = Ad-Hoc|iPhoneSimulator
		Ad-Hoc|x64 = Ad-Hoc|x64
		Ad-Hoc|x86 = Ad-Hoc|x86
		AppStore|Any CPU = AppStore|Any CPU
		AppStore|ARM = AppStore|ARM
		AppStore|iPhone = AppStore|iPhone
		AppStore|iPhoneSimulator = AppStore|iPhoneSimulator
		AppStore|x64 = AppStore|x64
		AppStore|x86 = AppStore|x86
		Debug|Any CPU = Debug|Any CPU
		Debug|ARM = Debug|ARM
		Debug|iPhone = Debug|iPhone
		Debug|iPhoneSimulator = Debug|iPhoneSimulator
		Debug|x64 = Debug|x64
		Debug|x86 = Debug|x86
		Release|Any CPU = Release|Any CPU
		Release|ARM = Release|ARM
		Release|iPhone = Release|iPhone
		Release|iPhoneSimulator = Release|iPhoneSimulator
		Release|x64 = Release|x64
		Release|x86 = Release|x86
	EndGlobalSection
	GlobalSection(ProjectConfigurationPlatforms) = postSolution
		{A4E3C99D-69FC-4C7F-8EB7-83F57BBCBC8B}.Ad-Hoc|Any CPU.ActiveCfg = Release|Any CPU
		{A4E3C99D-69FC-4C7F-8EB7-83F57BBCBC8B}.Ad-Hoc|Any CPU.Build.0 = Release|Any CPU
		{A4E3C99D-69FC-4C7F-8EB7-83F57BBCBC8B}.Ad-Hoc|Any CPU.Deploy.0 = Release|Any CPU
		{A4E3C99D-69FC-4C7F-8EB7-83F57BBCBC8B}.Ad-Hoc|ARM.ActiveCfg = Release|Any CPU
		{A4E3C99D-69FC-4C7F-8EB7-83F57BBCBC8B}.Ad-Hoc|ARM.Build.0 = Release|Any CPU
		{A4E3C99D-69FC-4C7F-8EB7-83F57BBCBC8B}.Ad-Hoc|ARM.Deploy.0 = Release|Any CPU
		{A4E3C99D-69FC-4C7F-8EB7-83F57BBCBC8B}.Ad-Hoc|iPhone.ActiveCfg = Release|Any CPU
		{A4E3C99D-69FC-4C7F-8EB7-83F57BBCBC8B}.Ad-Hoc|iPhone.Build.0 = Release|Any CPU
		{A4E3C99D-69FC-4C7F-8EB7-83F57BBCBC8B}.Ad-Hoc|iPhone.Deploy.0 = Release|Any CPU
		{A4E3C99D-69FC-4C7F-8EB7-83F57BBCBC8B}.Ad-Hoc|iPhoneSimulator.ActiveCfg = Release|Any CPU
		{A4E3C99D-69FC-4C7F-8EB7-83F57BBCBC8B}.Ad-Hoc|iPhoneSimulator.Build.0 = Release|Any CPU
		{A4E3C99D-69FC-4C7F-8EB7-83F57BBCBC8B}.Ad-Hoc|iPhoneSimulator.Deploy.0 = Release|Any CPU
		{A4E3C99D-69FC-4C7F-8EB7-83F57BBCBC8B}.Ad-Hoc|x64.ActiveCfg = Release|Any CPU
		{A4E3C99D-69FC-4C7F-8EB7-83F57BBCBC8B}.Ad-Hoc|x64.Build.0 = Release|Any CPU
		{A4E3C99D-69FC-4C7F-8EB7-83F57BBCBC8B}.Ad-Hoc|x64.Deploy.0 = Release|Any CPU
		{A4E3C99D-69FC-4C7F-8EB7-83F57BBCBC8B}.Ad-Hoc|x86.ActiveCfg = Release|Any CPU
		{A4E3C99D-69FC-4C7F-8EB7-83F57BBCBC8B}.Ad-Hoc|x86.Build.0 = Release|Any CPU
		{A4E3C99D-69FC-4C7F-8EB7-83F57BBCBC8B}.Ad-Hoc|x86.Deploy.0 = Release|Any CPU
		{A4E3C99D-69FC-4C7F-8EB7-83F57BBCBC8B}.AppStore|Any CPU.ActiveCfg = Release|Any CPU
		{A4E3C99D-69FC-4C7F-8EB7-83F57BBCBC8B}.AppStore|Any CPU.Build.0 = Release|Any CPU
		{A4E3C99D-69FC-4C7F-8EB7-83F57BBCBC8B}.AppStore|Any CPU.Deploy.0 = Release|Any CPU
		{A4E3C99D-69FC-4C7F-8EB7-83F57BBCBC8B}.AppStore|ARM.ActiveCfg = Release|Any CPU
		{A4E3C99D-69FC-4C7F-8EB7-83F57BBCBC8B}.AppStore|ARM.Build.0 = Release|Any CPU
		{A4E3C99D-69FC-4C7F-8EB7-83F57BBCBC8B}.AppStore|ARM.Deploy.0 = Release|Any CPU
		{A4E3C99D-69FC-4C7F-8EB7-83F57BBCBC8B}.AppStore|iPhone.ActiveCfg = Release|Any CPU
		{A4E3C99D-69FC-4C7F-8EB7-83F57BBCBC8B}.AppStore|iPhone.Build.0 = Release|Any CPU
		{A4E3C99D-69FC-4C7F-8EB7-83F57BBCBC8B}.AppStore|iPhone.Deploy.0 = Release|Any CPU
		{A4E3C99D-69FC-4C7F-8EB7-83F57BBCBC8B}.AppStore|iPhoneSimulator.ActiveCfg = Release|Any CPU
		{A4E3C99D-69FC-4C7F-8EB7-83F57BBCBC8B}.AppStore|iPhoneSimulator.Build.0 = Release|Any CPU
		{A4E3C99D-69FC-4C7F-8EB7-83F57BBCBC8B}.AppStore|iPhoneSimulator.Deploy.0 = Release|Any CPU
		{A4E3C99D-69FC-4C7F-8EB7-83F57BBCBC8B}.AppStore|x64.ActiveCfg = Release|Any CPU
		{A4E3C99D-69FC-4C7F-8EB7-83F57BBCBC8B}.AppStore|x64.Build.0 = Release|Any CPU
		{A4E3C99D-69FC-4C7F-8EB7-83F57BBCBC8B}.AppStore|x64.Deploy.0 = Release|Any CPU
		{A4E3C99D-69FC-4C7F-8EB7-83F57BBCBC8B}.AppStore|x86.ActiveCfg = Release|Any CPU
		{A4E3C99D-69FC-4C7F-8EB7-83F57BBCBC8B}.AppStore|x86.Build.0 = Release|Any CPU
		{A4E3C99D-69FC-4C7F-8EB7-83F57BBCBC8B}.AppStore|x86.Deploy.0 = Release|Any CPU
		{A4E3C99D-69FC-4C7F-8EB7-83F57BBCBC8B}.Debug|Any CPU.ActiveCfg = Debug|Any CPU
		{A4E3C99D-69FC-4C7F-8EB7-83F57BBCBC8B}.Debug|Any CPU.Build.0 = Debug|Any CPU
		{A4E3C99D-69FC-4C7F-8EB7-83F57BBCBC8B}.Debug|Any CPU.Deploy.0 = Debug|Any CPU
		{A4E3C99D-69FC-4C7F-8EB7-83F57BBCBC8B}.Debug|ARM.ActiveCfg = Debug|Any CPU
		{A4E3C99D-69FC-4C7F-8EB7-83F57BBCBC8B}.Debug|ARM.Build.0 = Debug|Any CPU
		{A4E3C99D-69FC-4C7F-8EB7-83F57BBCBC8B}.Debug|ARM.Deploy.0 = Debug|Any CPU
		{A4E3C99D-69FC-4C7F-8EB7-83F57BBCBC8B}.Debug|iPhone.ActiveCfg = Debug|Any CPU
		{A4E3C99D-69FC-4C7F-8EB7-83F57BBCBC8B}.Debug|iPhone.Build.0 = Debug|Any CPU
		{A4E3C99D-69FC-4C7F-8EB7-83F57BBCBC8B}.Debug|iPhone.Deploy.0 = Debug|Any CPU
		{A4E3C99D-69FC-4C7F-8EB7-83F57BBCBC8B}.Debug|iPhoneSimulator.ActiveCfg = Debug|Any CPU
		{A4E3C99D-69FC-4C7F-8EB7-83F57BBCBC8B}.Debug|iPhoneSimulator.Build.0 = Debug|Any CPU
		{A4E3C99D-69FC-4C7F-8EB7-83F57BBCBC8B}.Debug|iPhoneSimulator.Deploy.0 = Debug|Any CPU
		{A4E3C99D-69FC-4C7F-8EB7-83F57BBCBC8B}.Debug|x64.ActiveCfg = Debug|Any CPU
		{A4E3C99D-69FC-4C7F-8EB7-83F57BBCBC8B}.Debug|x64.Build.0 = Debug|Any CPU
		{A4E3C99D-69FC-4C7F-8EB7-83F57BBCBC8B}.Debug|x64.Deploy.0 = Debug|Any CPU
		{A4E3C99D-69FC-4C7F-8EB7-83F57BBCBC8B}.Debug|x86.ActiveCfg = Debug|Any CPU
		{A4E3C99D-69FC-4C7F-8EB7-83F57BBCBC8B}.Debug|x86.Build.0 = Debug|Any CPU
		{A4E3C99D-69FC-4C7F-8EB7-83F57BBCBC8B}.Debug|x86.Deploy.0 = Debug|Any CPU
		{A4E3C99D-69FC-4C7F-8EB7-83F57BBCBC8B}.Release|Any CPU.ActiveCfg = Release|Any CPU
		{A4E3C99D-69FC-4C7F-8EB7-83F57BBCBC8B}.Release|Any CPU.Build.0 = Release|Any CPU
		{A4E3C99D-69FC-4C7F-8EB7-83F57BBCBC8B}.Release|Any CPU.Deploy.0 = Release|Any CPU
		{A4E3C99D-69FC-4C7F-8EB7-83F57BBCBC8B}.Release|ARM.ActiveCfg = Release|Any CPU
		{A4E3C99D-69FC-4C7F-8EB7-83F57BBCBC8B}.Release|ARM.Build.0 = Release|Any CPU
		{A4E3C99D-69FC-4C7F-8EB7-83F57BBCBC8B}.Release|ARM.Deploy.0 = Release|Any CPU
		{A4E3C99D-69FC-4C7F-8EB7-83F57BBCBC8B}.Release|iPhone.ActiveCfg = Release|Any CPU
		{A4E3C99D-69FC-4C7F-8EB7-83F57BBCBC8B}.Release|iPhone.Build.0 = Release|Any CPU
		{A4E3C99D-69FC-4C7F-8EB7-83F57BBCBC8B}.Release|iPhone.Deploy.0 = Release|Any CPU
		{A4E3C99D-69FC-4C7F-8EB7-83F57BBCBC8B}.Release|iPhoneSimulator.ActiveCfg = Release|Any CPU
		{A4E3C99D-69FC-4C7F-8EB7-83F57BBCBC8B}.Release|iPhoneSimulator.Build.0 = Release|Any CPU
		{A4E3C99D-69FC-4C7F-8EB7-83F57BBCBC8B}.Release|iPhoneSimulator.Deploy.0 = Release|Any CPU
		{A4E3C99D-69FC-4C7F-8EB7-83F57BBCBC8B}.Release|x64.ActiveCfg = Release|Any CPU
		{A4E3C99D-69FC-4C7F-8EB7-83F57BBCBC8B}.Release|x64.Build.0 = Release|Any CPU
		{A4E3C99D-69FC-4C7F-8EB7-83F57BBCBC8B}.Release|x64.Deploy.0 = Release|Any CPU
		{A4E3C99D-69FC-4C7F-8EB7-83F57BBCBC8B}.Release|x86.ActiveCfg = Release|Any CPU
		{A4E3C99D-69FC-4C7F-8EB7-83F57BBCBC8B}.Release|x86.Build.0 = Release|Any CPU
		{A4E3C99D-69FC-4C7F-8EB7-83F57BBCBC8B}.Release|x86.Deploy.0 = Release|Any CPU
		{67060FE4-368B-4586-9860-82AC71AE7040}.Ad-Hoc|Any CPU.ActiveCfg = Ad-Hoc|iPhone
		{67060FE4-368B-4586-9860-82AC71AE7040}.Ad-Hoc|Any CPU.Build.0 = Ad-Hoc|iPhone
		{67060FE4-368B-4586-9860-82AC71AE7040}.Ad-Hoc|Any CPU.Deploy.0 = Ad-Hoc|iPhone
		{67060FE4-368B-4586-9860-82AC71AE7040}.Ad-Hoc|ARM.ActiveCfg = Ad-Hoc|iPhone
		{67060FE4-368B-4586-9860-82AC71AE7040}.Ad-Hoc|ARM.Build.0 = Ad-Hoc|iPhone
		{67060FE4-368B-4586-9860-82AC71AE7040}.Ad-Hoc|ARM.Deploy.0 = Ad-Hoc|iPhone
		{67060FE4-368B-4586-9860-82AC71AE7040}.Ad-Hoc|iPhone.ActiveCfg = Ad-Hoc|iPhone
		{67060FE4-368B-4586-9860-82AC71AE7040}.Ad-Hoc|iPhone.Build.0 = Ad-Hoc|iPhone
		{67060FE4-368B-4586-9860-82AC71AE7040}.Ad-Hoc|iPhone.Deploy.0 = Ad-Hoc|iPhone
		{67060FE4-368B-4586-9860-82AC71AE7040}.Ad-Hoc|iPhoneSimulator.ActiveCfg = Ad-Hoc|iPhoneSimulator
		{67060FE4-368B-4586-9860-82AC71AE7040}.Ad-Hoc|iPhoneSimulator.Build.0 = Ad-Hoc|iPhoneSimulator
		{67060FE4-368B-4586-9860-82AC71AE7040}.Ad-Hoc|iPhoneSimulator.Deploy.0 = Ad-Hoc|iPhoneSimulator
		{67060FE4-368B-4586-9860-82AC71AE7040}.Ad-Hoc|x64.ActiveCfg = Ad-Hoc|iPhone
		{67060FE4-368B-4586-9860-82AC71AE7040}.Ad-Hoc|x64.Build.0 = Ad-Hoc|iPhone
		{67060FE4-368B-4586-9860-82AC71AE7040}.Ad-Hoc|x64.Deploy.0 = Ad-Hoc|iPhone
		{67060FE4-368B-4586-9860-82AC71AE7040}.Ad-Hoc|x86.ActiveCfg = Ad-Hoc|iPhone
		{67060FE4-368B-4586-9860-82AC71AE7040}.Ad-Hoc|x86.Build.0 = Ad-Hoc|iPhone
		{67060FE4-368B-4586-9860-82AC71AE7040}.Ad-Hoc|x86.Deploy.0 = Ad-Hoc|iPhone
		{67060FE4-368B-4586-9860-82AC71AE7040}.AppStore|Any CPU.ActiveCfg = AppStore|iPhone
		{67060FE4-368B-4586-9860-82AC71AE7040}.AppStore|Any CPU.Build.0 = AppStore|iPhone
		{67060FE4-368B-4586-9860-82AC71AE7040}.AppStore|Any CPU.Deploy.0 = AppStore|iPhone
		{67060FE4-368B-4586-9860-82AC71AE7040}.AppStore|ARM.ActiveCfg = AppStore|iPhone
		{67060FE4-368B-4586-9860-82AC71AE7040}.AppStore|ARM.Build.0 = AppStore|iPhone
		{67060FE4-368B-4586-9860-82AC71AE7040}.AppStore|ARM.Deploy.0 = AppStore|iPhone
		{67060FE4-368B-4586-9860-82AC71AE7040}.AppStore|iPhone.ActiveCfg = AppStore|iPhone
		{67060FE4-368B-4586-9860-82AC71AE7040}.AppStore|iPhone.Build.0 = AppStore|iPhone
		{67060FE4-368B-4586-9860-82AC71AE7040}.AppStore|iPhone.Deploy.0 = AppStore|iPhone
		{67060FE4-368B-4586-9860-82AC71AE7040}.AppStore|iPhoneSimulator.ActiveCfg = AppStore|iPhoneSimulator
		{67060FE4-368B-4586-9860-82AC71AE7040}.AppStore|iPhoneSimulator.Build.0 = AppStore|iPhoneSimulator
		{67060FE4-368B-4586-9860-82AC71AE7040}.AppStore|iPhoneSimulator.Deploy.0 = AppStore|iPhoneSimulator
		{67060FE4-368B-4586-9860-82AC71AE7040}.AppStore|x64.ActiveCfg = AppStore|iPhone
		{67060FE4-368B-4586-9860-82AC71AE7040}.AppStore|x64.Build.0 = AppStore|iPhone
		{67060FE4-368B-4586-9860-82AC71AE7040}.AppStore|x64.Deploy.0 = AppStore|iPhone
		{67060FE4-368B-4586-9860-82AC71AE7040}.AppStore|x86.ActiveCfg = AppStore|iPhone
		{67060FE4-368B-4586-9860-82AC71AE7040}.AppStore|x86.Build.0 = AppStore|iPhone
		{67060FE4-368B-4586-9860-82AC71AE7040}.AppStore|x86.Deploy.0 = AppStore|iPhone
		{67060FE4-368B-4586-9860-82AC71AE7040}.Debug|Any CPU.ActiveCfg = Debug|iPhoneSimulator
		{67060FE4-368B-4586-9860-82AC71AE7040}.Debug|Any CPU.Build.0 = Debug|iPhoneSimulator
		{67060FE4-368B-4586-9860-82AC71AE7040}.Debug|Any CPU.Deploy.0 = Debug|iPhoneSimulator
		{67060FE4-368B-4586-9860-82AC71AE7040}.Debug|ARM.ActiveCfg = Debug|iPhone
		{67060FE4-368B-4586-9860-82AC71AE7040}.Debug|ARM.Build.0 = Debug|iPhone
		{67060FE4-368B-4586-9860-82AC71AE7040}.Debug|ARM.Deploy.0 = Debug|iPhone
		{67060FE4-368B-4586-9860-82AC71AE7040}.Debug|iPhone.ActiveCfg = Debug|iPhone
		{67060FE4-368B-4586-9860-82AC71AE7040}.Debug|iPhone.Build.0 = Debug|iPhone
		{67060FE4-368B-4586-9860-82AC71AE7040}.Debug|iPhone.Deploy.0 = Debug|iPhone
		{67060FE4-368B-4586-9860-82AC71AE7040}.Debug|iPhoneSimulator.ActiveCfg = Debug|iPhoneSimulator
		{67060FE4-368B-4586-9860-82AC71AE7040}.Debug|iPhoneSimulator.Build.0 = Debug|iPhoneSimulator
		{67060FE4-368B-4586-9860-82AC71AE7040}.Debug|iPhoneSimulator.Deploy.0 = Debug|iPhoneSimulator
		{67060FE4-368B-4586-9860-82AC71AE7040}.Debug|x64.ActiveCfg = Debug|iPhone
		{67060FE4-368B-4586-9860-82AC71AE7040}.Debug|x64.Build.0 = Debug|iPhone
		{67060FE4-368B-4586-9860-82AC71AE7040}.Debug|x64.Deploy.0 = Debug|iPhone
		{67060FE4-368B-4586-9860-82AC71AE7040}.Debug|x86.ActiveCfg = Debug|iPhone
		{67060FE4-368B-4586-9860-82AC71AE7040}.Debug|x86.Build.0 = Debug|iPhone
		{67060FE4-368B-4586-9860-82AC71AE7040}.Debug|x86.Deploy.0 = Debug|iPhone
		{67060FE4-368B-4586-9860-82AC71AE7040}.Release|Any CPU.ActiveCfg = Release|iPhone
		{67060FE4-368B-4586-9860-82AC71AE7040}.Release|Any CPU.Build.0 = Release|iPhone
		{67060FE4-368B-4586-9860-82AC71AE7040}.Release|Any CPU.Deploy.0 = Release|iPhone
		{67060FE4-368B-4586-9860-82AC71AE7040}.Release|ARM.ActiveCfg = Release|iPhone
		{67060FE4-368B-4586-9860-82AC71AE7040}.Release|ARM.Build.0 = Release|iPhone
		{67060FE4-368B-4586-9860-82AC71AE7040}.Release|ARM.Deploy.0 = Release|iPhone
		{67060FE4-368B-4586-9860-82AC71AE7040}.Release|iPhone.ActiveCfg = Release|iPhone
		{67060FE4-368B-4586-9860-82AC71AE7040}.Release|iPhone.Build.0 = Release|iPhone
		{67060FE4-368B-4586-9860-82AC71AE7040}.Release|iPhone.Deploy.0 = Release|iPhone
		{67060FE4-368B-4586-9860-82AC71AE7040}.Release|iPhoneSimulator.ActiveCfg = Release|iPhoneSimulator
		{67060FE4-368B-4586-9860-82AC71AE7040}.Release|iPhoneSimulator.Build.0 = Release|iPhoneSimulator
		{67060FE4-368B-4586-9860-82AC71AE7040}.Release|iPhoneSimulator.Deploy.0 = Release|iPhoneSimulator
		{67060FE4-368B-4586-9860-82AC71AE7040}.Release|x64.ActiveCfg = Release|iPhone
		{67060FE4-368B-4586-9860-82AC71AE7040}.Release|x64.Build.0 = Release|iPhone
		{67060FE4-368B-4586-9860-82AC71AE7040}.Release|x64.Deploy.0 = Release|iPhone
		{67060FE4-368B-4586-9860-82AC71AE7040}.Release|x86.ActiveCfg = Release|iPhone
		{67060FE4-368B-4586-9860-82AC71AE7040}.Release|x86.Build.0 = Release|iPhone
		{67060FE4-368B-4586-9860-82AC71AE7040}.Release|x86.Deploy.0 = Release|iPhone
		{E8F8630B-07AD-4EBF-879F-32C5CF387DB3}.Ad-Hoc|Any CPU.ActiveCfg = Release|x86
		{E8F8630B-07AD-4EBF-879F-32C5CF387DB3}.Ad-Hoc|Any CPU.Build.0 = Release|x86
		{E8F8630B-07AD-4EBF-879F-32C5CF387DB3}.Ad-Hoc|Any CPU.Deploy.0 = Release|x86
		{E8F8630B-07AD-4EBF-879F-32C5CF387DB3}.Ad-Hoc|ARM.ActiveCfg = Release|ARM
		{E8F8630B-07AD-4EBF-879F-32C5CF387DB3}.Ad-Hoc|ARM.Build.0 = Release|ARM
		{E8F8630B-07AD-4EBF-879F-32C5CF387DB3}.Ad-Hoc|ARM.Deploy.0 = Release|ARM
		{E8F8630B-07AD-4EBF-879F-32C5CF387DB3}.Ad-Hoc|iPhone.ActiveCfg = Release|x86
		{E8F8630B-07AD-4EBF-879F-32C5CF387DB3}.Ad-Hoc|iPhone.Build.0 = Release|x86
		{E8F8630B-07AD-4EBF-879F-32C5CF387DB3}.Ad-Hoc|iPhone.Deploy.0 = Release|x86
		{E8F8630B-07AD-4EBF-879F-32C5CF387DB3}.Ad-Hoc|iPhoneSimulator.ActiveCfg = Release|x86
		{E8F8630B-07AD-4EBF-879F-32C5CF387DB3}.Ad-Hoc|iPhoneSimulator.Build.0 = Release|x86
		{E8F8630B-07AD-4EBF-879F-32C5CF387DB3}.Ad-Hoc|iPhoneSimulator.Deploy.0 = Release|x86
		{E8F8630B-07AD-4EBF-879F-32C5CF387DB3}.Ad-Hoc|x64.ActiveCfg = Release|x64
		{E8F8630B-07AD-4EBF-879F-32C5CF387DB3}.Ad-Hoc|x64.Build.0 = Release|x64
		{E8F8630B-07AD-4EBF-879F-32C5CF387DB3}.Ad-Hoc|x64.Deploy.0 = Release|x64
		{E8F8630B-07AD-4EBF-879F-32C5CF387DB3}.Ad-Hoc|x86.ActiveCfg = Release|x86
		{E8F8630B-07AD-4EBF-879F-32C5CF387DB3}.Ad-Hoc|x86.Build.0 = Release|x86
		{E8F8630B-07AD-4EBF-879F-32C5CF387DB3}.Ad-Hoc|x86.Deploy.0 = Release|x86
		{E8F8630B-07AD-4EBF-879F-32C5CF387DB3}.AppStore|Any CPU.ActiveCfg = Release|x86
		{E8F8630B-07AD-4EBF-879F-32C5CF387DB3}.AppStore|Any CPU.Build.0 = Release|x86
		{E8F8630B-07AD-4EBF-879F-32C5CF387DB3}.AppStore|Any CPU.Deploy.0 = Release|x86
		{E8F8630B-07AD-4EBF-879F-32C5CF387DB3}.AppStore|ARM.ActiveCfg = Release|ARM
		{E8F8630B-07AD-4EBF-879F-32C5CF387DB3}.AppStore|ARM.Build.0 = Release|ARM
		{E8F8630B-07AD-4EBF-879F-32C5CF387DB3}.AppStore|ARM.Deploy.0 = Release|ARM
		{E8F8630B-07AD-4EBF-879F-32C5CF387DB3}.AppStore|iPhone.ActiveCfg = Release|x86
		{E8F8630B-07AD-4EBF-879F-32C5CF387DB3}.AppStore|iPhone.Build.0 = Release|x86
		{E8F8630B-07AD-4EBF-879F-32C5CF387DB3}.AppStore|iPhone.Deploy.0 = Release|x86
		{E8F8630B-07AD-4EBF-879F-32C5CF387DB3}.AppStore|iPhoneSimulator.ActiveCfg = Release|x86
		{E8F8630B-07AD-4EBF-879F-32C5CF387DB3}.AppStore|iPhoneSimulator.Build.0 = Release|x86
		{E8F8630B-07AD-4EBF-879F-32C5CF387DB3}.AppStore|iPhoneSimulator.Deploy.0 = Release|x86
		{E8F8630B-07AD-4EBF-879F-32C5CF387DB3}.AppStore|x64.ActiveCfg = Release|x64
		{E8F8630B-07AD-4EBF-879F-32C5CF387DB3}.AppStore|x64.Build.0 = Release|x64
		{E8F8630B-07AD-4EBF-879F-32C5CF387DB3}.AppStore|x64.Deploy.0 = Release|x64
		{E8F8630B-07AD-4EBF-879F-32C5CF387DB3}.AppStore|x86.ActiveCfg = Release|x86
		{E8F8630B-07AD-4EBF-879F-32C5CF387DB3}.AppStore|x86.Build.0 = Release|x86
		{E8F8630B-07AD-4EBF-879F-32C5CF387DB3}.AppStore|x86.Deploy.0 = Release|x86
		{E8F8630B-07AD-4EBF-879F-32C5CF387DB3}.Debug|Any CPU.ActiveCfg = Debug|x86
		{E8F8630B-07AD-4EBF-879F-32C5CF387DB3}.Debug|Any CPU.Build.0 = Debug|x86
		{E8F8630B-07AD-4EBF-879F-32C5CF387DB3}.Debug|Any CPU.Deploy.0 = Debug|x86
		{E8F8630B-07AD-4EBF-879F-32C5CF387DB3}.Debug|ARM.ActiveCfg = Debug|ARM
		{E8F8630B-07AD-4EBF-879F-32C5CF387DB3}.Debug|ARM.Build.0 = Debug|ARM
		{E8F8630B-07AD-4EBF-879F-32C5CF387DB3}.Debug|ARM.Deploy.0 = Debug|ARM
		{E8F8630B-07AD-4EBF-879F-32C5CF387DB3}.Debug|iPhone.ActiveCfg = Debug|x86
		{E8F8630B-07AD-4EBF-879F-32C5CF387DB3}.Debug|iPhone.Build.0 = Debug|x86
		{E8F8630B-07AD-4EBF-879F-32C5CF387DB3}.Debug|iPhone.Deploy.0 = Debug|x86
		{E8F8630B-07AD-4EBF-879F-32C5CF387DB3}.Debug|iPhoneSimulator.ActiveCfg = Debug|x86
		{E8F8630B-07AD-4EBF-879F-32C5CF387DB3}.Debug|iPhoneSimulator.Build.0 = Debug|x86
		{E8F8630B-07AD-4EBF-879F-32C5CF387DB3}.Debug|iPhoneSimulator.Deploy.0 = Debug|x86
		{E8F8630B-07AD-4EBF-879F-32C5CF387DB3}.Debug|x64.ActiveCfg = Debug|x64
		{E8F8630B-07AD-4EBF-879F-32C5CF387DB3}.Debug|x64.Build.0 = Debug|x64
		{E8F8630B-07AD-4EBF-879F-32C5CF387DB3}.Debug|x64.Deploy.0 = Debug|x64
		{E8F8630B-07AD-4EBF-879F-32C5CF387DB3}.Debug|x86.ActiveCfg = Debug|x86
		{E8F8630B-07AD-4EBF-879F-32C5CF387DB3}.Debug|x86.Build.0 = Debug|x86
		{E8F8630B-07AD-4EBF-879F-32C5CF387DB3}.Debug|x86.Deploy.0 = Debug|x86
		{E8F8630B-07AD-4EBF-879F-32C5CF387DB3}.Release|Any CPU.ActiveCfg = Release|x86
		{E8F8630B-07AD-4EBF-879F-32C5CF387DB3}.Release|Any CPU.Build.0 = Release|x86
		{E8F8630B-07AD-4EBF-879F-32C5CF387DB3}.Release|Any CPU.Deploy.0 = Release|x86
		{E8F8630B-07AD-4EBF-879F-32C5CF387DB3}.Release|ARM.ActiveCfg = Release|ARM
		{E8F8630B-07AD-4EBF-879F-32C5CF387DB3}.Release|ARM.Build.0 = Release|ARM
		{E8F8630B-07AD-4EBF-879F-32C5CF387DB3}.Release|ARM.Deploy.0 = Release|ARM
		{E8F8630B-07AD-4EBF-879F-32C5CF387DB3}.Release|iPhone.ActiveCfg = Release|x86
		{E8F8630B-07AD-4EBF-879F-32C5CF387DB3}.Release|iPhone.Build.0 = Release|x86
		{E8F8630B-07AD-4EBF-879F-32C5CF387DB3}.Release|iPhone.Deploy.0 = Release|x86
		{E8F8630B-07AD-4EBF-879F-32C5CF387DB3}.Release|iPhoneSimulator.ActiveCfg = Release|x86
		{E8F8630B-07AD-4EBF-879F-32C5CF387DB3}.Release|iPhoneSimulator.Build.0 = Release|x86
		{E8F8630B-07AD-4EBF-879F-32C5CF387DB3}.Release|iPhoneSimulator.Deploy.0 = Release|x86
		{E8F8630B-07AD-4EBF-879F-32C5CF387DB3}.Release|x64.ActiveCfg = Release|x64
		{E8F8630B-07AD-4EBF-879F-32C5CF387DB3}.Release|x64.Build.0 = Release|x64
		{E8F8630B-07AD-4EBF-879F-32C5CF387DB3}.Release|x64.Deploy.0 = Release|x64
		{E8F8630B-07AD-4EBF-879F-32C5CF387DB3}.Release|x86.ActiveCfg = Release|x86
		{E8F8630B-07AD-4EBF-879F-32C5CF387DB3}.Release|x86.Build.0 = Release|x86
		{E8F8630B-07AD-4EBF-879F-32C5CF387DB3}.Release|x86.Deploy.0 = Release|x86
		{9B9BBBD9-683E-4253-BF30-7C70D30B215C}.Ad-Hoc|Any CPU.ActiveCfg = Debug|Any CPU
		{9B9BBBD9-683E-4253-BF30-7C70D30B215C}.Ad-Hoc|Any CPU.Build.0 = Debug|Any CPU
		{9B9BBBD9-683E-4253-BF30-7C70D30B215C}.Ad-Hoc|Any CPU.Deploy.0 = Debug|Any CPU
		{9B9BBBD9-683E-4253-BF30-7C70D30B215C}.Ad-Hoc|ARM.ActiveCfg = Debug|Any CPU
		{9B9BBBD9-683E-4253-BF30-7C70D30B215C}.Ad-Hoc|ARM.Build.0 = Debug|Any CPU
		{9B9BBBD9-683E-4253-BF30-7C70D30B215C}.Ad-Hoc|ARM.Deploy.0 = Debug|Any CPU
		{9B9BBBD9-683E-4253-BF30-7C70D30B215C}.Ad-Hoc|iPhone.ActiveCfg = Debug|Any CPU
		{9B9BBBD9-683E-4253-BF30-7C70D30B215C}.Ad-Hoc|iPhone.Build.0 = Debug|Any CPU
		{9B9BBBD9-683E-4253-BF30-7C70D30B215C}.Ad-Hoc|iPhone.Deploy.0 = Debug|Any CPU
		{9B9BBBD9-683E-4253-BF30-7C70D30B215C}.Ad-Hoc|iPhoneSimulator.ActiveCfg = Debug|Any CPU
		{9B9BBBD9-683E-4253-BF30-7C70D30B215C}.Ad-Hoc|iPhoneSimulator.Build.0 = Debug|Any CPU
		{9B9BBBD9-683E-4253-BF30-7C70D30B215C}.Ad-Hoc|iPhoneSimulator.Deploy.0 = Debug|Any CPU
		{9B9BBBD9-683E-4253-BF30-7C70D30B215C}.Ad-Hoc|x64.ActiveCfg = Debug|Any CPU
		{9B9BBBD9-683E-4253-BF30-7C70D30B215C}.Ad-Hoc|x64.Build.0 = Debug|Any CPU
		{9B9BBBD9-683E-4253-BF30-7C70D30B215C}.Ad-Hoc|x64.Deploy.0 = Debug|Any CPU
		{9B9BBBD9-683E-4253-BF30-7C70D30B215C}.Ad-Hoc|x86.ActiveCfg = Debug|Any CPU
		{9B9BBBD9-683E-4253-BF30-7C70D30B215C}.Ad-Hoc|x86.Build.0 = Debug|Any CPU
		{9B9BBBD9-683E-4253-BF30-7C70D30B215C}.Ad-Hoc|x86.Deploy.0 = Debug|Any CPU
		{9B9BBBD9-683E-4253-BF30-7C70D30B215C}.AppStore|Any CPU.ActiveCfg = Debug|Any CPU
		{9B9BBBD9-683E-4253-BF30-7C70D30B215C}.AppStore|Any CPU.Build.0 = Debug|Any CPU
		{9B9BBBD9-683E-4253-BF30-7C70D30B215C}.AppStore|Any CPU.Deploy.0 = Debug|Any CPU
		{9B9BBBD9-683E-4253-BF30-7C70D30B215C}.AppStore|ARM.ActiveCfg = Debug|Any CPU
		{9B9BBBD9-683E-4253-BF30-7C70D30B215C}.AppStore|ARM.Build.0 = Debug|Any CPU
		{9B9BBBD9-683E-4253-BF30-7C70D30B215C}.AppStore|ARM.Deploy.0 = Debug|Any CPU
		{9B9BBBD9-683E-4253-BF30-7C70D30B215C}.AppStore|iPhone.ActiveCfg = Debug|Any CPU
		{9B9BBBD9-683E-4253-BF30-7C70D30B215C}.AppStore|iPhone.Build.0 = Debug|Any CPU
		{9B9BBBD9-683E-4253-BF30-7C70D30B215C}.AppStore|iPhone.Deploy.0 = Debug|Any CPU
		{9B9BBBD9-683E-4253-BF30-7C70D30B215C}.AppStore|iPhoneSimulator.ActiveCfg = Debug|Any CPU
		{9B9BBBD9-683E-4253-BF30-7C70D30B215C}.AppStore|iPhoneSimulator.Build.0 = Debug|Any CPU
		{9B9BBBD9-683E-4253-BF30-7C70D30B215C}.AppStore|iPhoneSimulator.Deploy.0 = Debug|Any CPU
		{9B9BBBD9-683E-4253-BF30-7C70D30B215C}.AppStore|x64.ActiveCfg = Debug|Any CPU
		{9B9BBBD9-683E-4253-BF30-7C70D30B215C}.AppStore|x64.Build.0 = Debug|Any CPU
		{9B9BBBD9-683E-4253-BF30-7C70D30B215C}.AppStore|x64.Deploy.0 = Debug|Any CPU
		{9B9BBBD9-683E-4253-BF30-7C70D30B215C}.AppStore|x86.ActiveCfg = Debug|Any CPU
		{9B9BBBD9-683E-4253-BF30-7C70D30B215C}.AppStore|x86.Build.0 = Debug|Any CPU
		{9B9BBBD9-683E-4253-BF30-7C70D30B215C}.AppStore|x86.Deploy.0 = Debug|Any CPU
		{9B9BBBD9-683E-4253-BF30-7C70D30B215C}.Debug|Any CPU.ActiveCfg = Debug|Any CPU
		{9B9BBBD9-683E-4253-BF30-7C70D30B215C}.Debug|Any CPU.Build.0 = Debug|Any CPU
		{9B9BBBD9-683E-4253-BF30-7C70D30B215C}.Debug|Any CPU.Deploy.0 = Debug|Any CPU
		{9B9BBBD9-683E-4253-BF30-7C70D30B215C}.Debug|ARM.ActiveCfg = Debug|Any CPU
		{9B9BBBD9-683E-4253-BF30-7C70D30B215C}.Debug|ARM.Build.0 = Debug|Any CPU
		{9B9BBBD9-683E-4253-BF30-7C70D30B215C}.Debug|ARM.Deploy.0 = Debug|Any CPU
		{9B9BBBD9-683E-4253-BF30-7C70D30B215C}.Debug|iPhone.ActiveCfg = Debug|Any CPU
		{9B9BBBD9-683E-4253-BF30-7C70D30B215C}.Debug|iPhone.Build.0 = Debug|Any CPU
		{9B9BBBD9-683E-4253-BF30-7C70D30B215C}.Debug|iPhone.Deploy.0 = Debug|Any CPU
		{9B9BBBD9-683E-4253-BF30-7C70D30B215C}.Debug|iPhoneSimulator.ActiveCfg = Debug|Any CPU
		{9B9BBBD9-683E-4253-BF30-7C70D30B215C}.Debug|iPhoneSimulator.Build.0 = Debug|Any CPU
		{9B9BBBD9-683E-4253-BF30-7C70D30B215C}.Debug|iPhoneSimulator.Deploy.0 = Debug|Any CPU
		{9B9BBBD9-683E-4253-BF30-7C70D30B215C}.Debug|x64.ActiveCfg = Debug|Any CPU
		{9B9BBBD9-683E-4253-BF30-7C70D30B215C}.Debug|x64.Build.0 = Debug|Any CPU
		{9B9BBBD9-683E-4253-BF30-7C70D30B215C}.Debug|x64.Deploy.0 = Debug|Any CPU
		{9B9BBBD9-683E-4253-BF30-7C70D30B215C}.Debug|x86.ActiveCfg = Debug|Any CPU
		{9B9BBBD9-683E-4253-BF30-7C70D30B215C}.Debug|x86.Build.0 = Debug|Any CPU
		{9B9BBBD9-683E-4253-BF30-7C70D30B215C}.Debug|x86.Deploy.0 = Debug|Any CPU
		{9B9BBBD9-683E-4253-BF30-7C70D30B215C}.Release|Any CPU.ActiveCfg = Release|Any CPU
		{9B9BBBD9-683E-4253-BF30-7C70D30B215C}.Release|Any CPU.Build.0 = Release|Any CPU
		{9B9BBBD9-683E-4253-BF30-7C70D30B215C}.Release|Any CPU.Deploy.0 = Release|Any CPU
		{9B9BBBD9-683E-4253-BF30-7C70D30B215C}.Release|ARM.ActiveCfg = Release|Any CPU
		{9B9BBBD9-683E-4253-BF30-7C70D30B215C}.Release|ARM.Build.0 = Release|Any CPU
		{9B9BBBD9-683E-4253-BF30-7C70D30B215C}.Release|ARM.Deploy.0 = Release|Any CPU
		{9B9BBBD9-683E-4253-BF30-7C70D30B215C}.Release|iPhone.ActiveCfg = Release|Any CPU
		{9B9BBBD9-683E-4253-BF30-7C70D30B215C}.Release|iPhone.Build.0 = Release|Any CPU
		{9B9BBBD9-683E-4253-BF30-7C70D30B215C}.Release|iPhone.Deploy.0 = Release|Any CPU
		{9B9BBBD9-683E-4253-BF30-7C70D30B215C}.Release|iPhoneSimulator.ActiveCfg = Release|Any CPU
		{9B9BBBD9-683E-4253-BF30-7C70D30B215C}.Release|iPhoneSimulator.Build.0 = Release|Any CPU
		{9B9BBBD9-683E-4253-BF30-7C70D30B215C}.Release|iPhoneSimulator.Deploy.0 = Release|Any CPU
		{9B9BBBD9-683E-4253-BF30-7C70D30B215C}.Release|x64.ActiveCfg = Release|Any CPU
		{9B9BBBD9-683E-4253-BF30-7C70D30B215C}.Release|x64.Build.0 = Release|Any CPU
		{9B9BBBD9-683E-4253-BF30-7C70D30B215C}.Release|x64.Deploy.0 = Release|Any CPU
		{9B9BBBD9-683E-4253-BF30-7C70D30B215C}.Release|x86.ActiveCfg = Release|Any CPU
		{9B9BBBD9-683E-4253-BF30-7C70D30B215C}.Release|x86.Build.0 = Release|Any CPU
		{9B9BBBD9-683E-4253-BF30-7C70D30B215C}.Release|x86.Deploy.0 = Release|Any CPU
		{F6AAC97C-6A47-4E3B-9E4F-A8C5C1B25323}.Ad-Hoc|Any CPU.ActiveCfg = Debug|Any CPU
		{F6AAC97C-6A47-4E3B-9E4F-A8C5C1B25323}.Ad-Hoc|Any CPU.Build.0 = Debug|Any CPU
		{F6AAC97C-6A47-4E3B-9E4F-A8C5C1B25323}.Ad-Hoc|ARM.ActiveCfg = Debug|Any CPU
		{F6AAC97C-6A47-4E3B-9E4F-A8C5C1B25323}.Ad-Hoc|ARM.Build.0 = Debug|Any CPU
		{F6AAC97C-6A47-4E3B-9E4F-A8C5C1B25323}.Ad-Hoc|iPhone.ActiveCfg = Debug|Any CPU
		{F6AAC97C-6A47-4E3B-9E4F-A8C5C1B25323}.Ad-Hoc|iPhone.Build.0 = Debug|Any CPU
		{F6AAC97C-6A47-4E3B-9E4F-A8C5C1B25323}.Ad-Hoc|iPhoneSimulator.ActiveCfg = Debug|Any CPU
		{F6AAC97C-6A47-4E3B-9E4F-A8C5C1B25323}.Ad-Hoc|iPhoneSimulator.Build.0 = Debug|Any CPU
		{F6AAC97C-6A47-4E3B-9E4F-A8C5C1B25323}.Ad-Hoc|x64.ActiveCfg = Debug|Any CPU
		{F6AAC97C-6A47-4E3B-9E4F-A8C5C1B25323}.Ad-Hoc|x64.Build.0 = Debug|Any CPU
		{F6AAC97C-6A47-4E3B-9E4F-A8C5C1B25323}.Ad-Hoc|x86.ActiveCfg = Debug|Any CPU
		{F6AAC97C-6A47-4E3B-9E4F-A8C5C1B25323}.Ad-Hoc|x86.Build.0 = Debug|Any CPU
		{F6AAC97C-6A47-4E3B-9E4F-A8C5C1B25323}.AppStore|Any CPU.ActiveCfg = Debug|Any CPU
		{F6AAC97C-6A47-4E3B-9E4F-A8C5C1B25323}.AppStore|Any CPU.Build.0 = Debug|Any CPU
		{F6AAC97C-6A47-4E3B-9E4F-A8C5C1B25323}.AppStore|ARM.ActiveCfg = Debug|Any CPU
		{F6AAC97C-6A47-4E3B-9E4F-A8C5C1B25323}.AppStore|ARM.Build.0 = Debug|Any CPU
		{F6AAC97C-6A47-4E3B-9E4F-A8C5C1B25323}.AppStore|iPhone.ActiveCfg = Debug|Any CPU
		{F6AAC97C-6A47-4E3B-9E4F-A8C5C1B25323}.AppStore|iPhone.Build.0 = Debug|Any CPU
		{F6AAC97C-6A47-4E3B-9E4F-A8C5C1B25323}.AppStore|iPhoneSimulator.ActiveCfg = Debug|Any CPU
		{F6AAC97C-6A47-4E3B-9E4F-A8C5C1B25323}.AppStore|iPhoneSimulator.Build.0 = Debug|Any CPU
		{F6AAC97C-6A47-4E3B-9E4F-A8C5C1B25323}.AppStore|x64.ActiveCfg = Debug|Any CPU
		{F6AAC97C-6A47-4E3B-9E4F-A8C5C1B25323}.AppStore|x64.Build.0 = Debug|Any CPU
		{F6AAC97C-6A47-4E3B-9E4F-A8C5C1B25323}.AppStore|x86.ActiveCfg = Debug|Any CPU
		{F6AAC97C-6A47-4E3B-9E4F-A8C5C1B25323}.AppStore|x86.Build.0 = Debug|Any CPU
		{F6AAC97C-6A47-4E3B-9E4F-A8C5C1B25323}.Debug|Any CPU.ActiveCfg = Debug|Any CPU
		{F6AAC97C-6A47-4E3B-9E4F-A8C5C1B25323}.Debug|Any CPU.Build.0 = Debug|Any CPU
		{F6AAC97C-6A47-4E3B-9E4F-A8C5C1B25323}.Debug|ARM.ActiveCfg = Debug|Any CPU
		{F6AAC97C-6A47-4E3B-9E4F-A8C5C1B25323}.Debug|ARM.Build.0 = Debug|Any CPU
		{F6AAC97C-6A47-4E3B-9E4F-A8C5C1B25323}.Debug|iPhone.ActiveCfg = Debug|Any CPU
		{F6AAC97C-6A47-4E3B-9E4F-A8C5C1B25323}.Debug|iPhone.Build.0 = Debug|Any CPU
		{F6AAC97C-6A47-4E3B-9E4F-A8C5C1B25323}.Debug|iPhoneSimulator.ActiveCfg = Debug|Any CPU
		{F6AAC97C-6A47-4E3B-9E4F-A8C5C1B25323}.Debug|iPhoneSimulator.Build.0 = Debug|Any CPU
		{F6AAC97C-6A47-4E3B-9E4F-A8C5C1B25323}.Debug|x64.ActiveCfg = Debug|Any CPU
		{F6AAC97C-6A47-4E3B-9E4F-A8C5C1B25323}.Debug|x64.Build.0 = Debug|Any CPU
		{F6AAC97C-6A47-4E3B-9E4F-A8C5C1B25323}.Debug|x86.ActiveCfg = Debug|Any CPU
		{F6AAC97C-6A47-4E3B-9E4F-A8C5C1B25323}.Debug|x86.Build.0 = Debug|Any CPU
		{F6AAC97C-6A47-4E3B-9E4F-A8C5C1B25323}.Release|Any CPU.ActiveCfg = Release|Any CPU
		{F6AAC97C-6A47-4E3B-9E4F-A8C5C1B25323}.Release|Any CPU.Build.0 = Release|Any CPU
		{F6AAC97C-6A47-4E3B-9E4F-A8C5C1B25323}.Release|ARM.ActiveCfg = Release|Any CPU
		{F6AAC97C-6A47-4E3B-9E4F-A8C5C1B25323}.Release|ARM.Build.0 = Release|Any CPU
		{F6AAC97C-6A47-4E3B-9E4F-A8C5C1B25323}.Release|iPhone.ActiveCfg = Release|Any CPU
		{F6AAC97C-6A47-4E3B-9E4F-A8C5C1B25323}.Release|iPhone.Build.0 = Release|Any CPU
		{F6AAC97C-6A47-4E3B-9E4F-A8C5C1B25323}.Release|iPhoneSimulator.ActiveCfg = Release|Any CPU
		{F6AAC97C-6A47-4E3B-9E4F-A8C5C1B25323}.Release|iPhoneSimulator.Build.0 = Release|Any CPU
		{F6AAC97C-6A47-4E3B-9E4F-A8C5C1B25323}.Release|x64.ActiveCfg = Release|Any CPU
		{F6AAC97C-6A47-4E3B-9E4F-A8C5C1B25323}.Release|x64.Build.0 = Release|Any CPU
		{F6AAC97C-6A47-4E3B-9E4F-A8C5C1B25323}.Release|x86.ActiveCfg = Release|Any CPU
		{F6AAC97C-6A47-4E3B-9E4F-A8C5C1B25323}.Release|x86.Build.0 = Release|Any CPU
	EndGlobalSection
	GlobalSection(SolutionProperties) = preSolution
		HideSolutionNode = FALSE
	EndGlobalSection
	GlobalSection(ExtensibilityGlobals) = postSolution
		SolutionGuid = {72654587-7889-4AB0-81F1-A6AC802B6045}
	EndGlobalSection
EndGlobal
