
Microsoft Visual Studio Solution File, Format Version 12.00
# Visual Studio 15
VisualStudioVersion = 15.0.28010.2003
MinimumVisualStudioVersion = 10.0.40219.1
Project("{FAE04EC0-301F-11D3-BF4B-00C04F79EFBC}") = "App02.Android", "App02\App02.Android\App02.Android.csproj", "{4381F0C1-EE20-407E-A85B-CF13C084552C}"
EndProject
Project("{FAE04EC0-301F-11D3-BF4B-00C04F79EFBC}") = "App02.iOS", "App02\App02.iOS\App02.iOS.csproj", "{12257C17-37B9-4A77-A81D-AA942A06A3A5}"
EndProject
Project("{FAE04EC0-301F-11D3-BF4B-00C04F79EFBC}") = "App02.UWP", "App02\App02.UWP\App02.UWP.csproj", "{50056839-0814-410A-AA6E-4E0CA315136D}"
EndProject
Project("{FAE04EC0-301F-11D3-BF4B-00C04F79EFBC}") = "App02", "App02\App02\App02.csproj", "{2170F82E-D757-4197-817B-A21422583CBF}"
EndProject
Global
	GlobalSection(SolutionConfigurationPlatforms) = preSolution
		Ad-Hoc|Any CPU = Ad-Hoc|Any CPU
		Ad-Hoc|ARM = Ad-Hoc|ARM
		Ad-Hoc|iPhone = Ad-Hoc|iPhone
		Ad-Hoc|iPhoneSimulator = Ad-Hoc|iPhoneSimulator
		Ad-Hoc|x64 = Ad-Hoc|x64
		Ad-Hoc|x86 = Ad-Hoc|x86
		AppStore|Any CPU = AppStore|Any CPU
		AppStore|ARM = AppStore|ARM
		AppStore|iPhone = AppStore|iPhone
		AppStore|iPhoneSimulator = AppStore|iPhoneSimulator
		AppStore|x64 = AppStore|x64
		AppStore|x86 = AppStore|x86
		Debug|Any CPU = Debug|Any CPU
		Debug|ARM = Debug|ARM
		Debug|iPhone = Debug|iPhone
		Debug|iPhoneSimulator = Debug|iPhoneSimulator
		Debug|x64 = Debug|x64
		Debug|x86 = Debug|x86
		Release|Any CPU = Release|Any CPU
		Release|ARM = Release|ARM
		Release|iPhone = Release|iPhone
		Release|iPhoneSimulator = Release|iPhoneSimulator
		Release|x64 = Release|x64
		Release|x86 = Release|x86
	EndGlobalSection
	GlobalSection(ProjectConfigurationPlatforms) = postSolution
		{4381F0C1-EE20-407E-A85B-CF13C084552C}.Ad-Hoc|Any CPU.ActiveCfg = Release|Any CPU
		{4381F0C1-EE20-407E-A85B-CF13C084552C}.Ad-Hoc|Any CPU.Build.0 = Release|Any CPU
		{4381F0C1-EE20-407E-A85B-CF13C084552C}.Ad-Hoc|Any CPU.Deploy.0 = Release|Any CPU
		{4381F0C1-EE20-407E-A85B-CF13C084552C}.Ad-Hoc|ARM.ActiveCfg = Release|Any CPU
		{4381F0C1-EE20-407E-A85B-CF13C084552C}.Ad-Hoc|ARM.Build.0 = Release|Any CPU
		{4381F0C1-EE20-407E-A85B-CF13C084552C}.Ad-Hoc|ARM.Deploy.0 = Release|Any CPU
		{4381F0C1-EE20-407E-A85B-CF13C084552C}.Ad-Hoc|iPhone.ActiveCfg = Release|Any CPU
		{4381F0C1-EE20-407E-A85B-CF13C084552C}.Ad-Hoc|iPhone.Build.0 = Release|Any CPU
		{4381F0C1-EE20-407E-A85B-CF13C084552C}.Ad-Hoc|iPhone.Deploy.0 = Release|Any CPU
		{4381F0C1-EE20-407E-A85B-CF13C084552C}.Ad-Hoc|iPhoneSimulator.ActiveCfg = Release|Any CPU
		{4381F0C1-EE20-407E-A85B-CF13C084552C}.Ad-Hoc|iPhoneSimulator.Build.0 = Release|Any CPU
		{4381F0C1-EE20-407E-A85B-CF13C084552C}.Ad-Hoc|iPhoneSimulator.Deploy.0 = Release|Any CPU
		{4381F0C1-EE20-407E-A85B-CF13C084552C}.Ad-Hoc|x64.ActiveCfg = Release|Any CPU
		{4381F0C1-EE20-407E-A85B-CF13C084552C}.Ad-Hoc|x64.Build.0 = Release|Any CPU
		{4381F0C1-EE20-407E-A85B-CF13C084552C}.Ad-Hoc|x64.Deploy.0 = Release|Any CPU
		{4381F0C1-EE20-407E-A85B-CF13C084552C}.Ad-Hoc|x86.ActiveCfg = Release|Any CPU
		{4381F0C1-EE20-407E-A85B-CF13C084552C}.Ad-Hoc|x86.Build.0 = Release|Any CPU
		{4381F0C1-EE20-407E-A85B-CF13C084552C}.Ad-Hoc|x86.Deploy.0 = Release|Any CPU
		{4381F0C1-EE20-407E-A85B-CF13C084552C}.AppStore|Any CPU.ActiveCfg = Release|Any CPU
		{4381F0C1-EE20-407E-A85B-CF13C084552C}.AppStore|Any CPU.Build.0 = Release|Any CPU
		{4381F0C1-EE20-407E-A85B-CF13C084552C}.AppStore|Any CPU.Deploy.0 = Release|Any CPU
		{4381F0C1-EE20-407E-A85B-CF13C084552C}.AppStore|ARM.ActiveCfg = Release|Any CPU
		{4381F0C1-EE20-407E-A85B-CF13C084552C}.AppStore|ARM.Build.0 = Release|Any CPU
		{4381F0C1-EE20-407E-A85B-CF13C084552C}.AppStore|ARM.Deploy.0 = Release|Any CPU
		{4381F0C1-EE20-407E-A85B-CF13C084552C}.AppStore|iPhone.ActiveCfg = Release|Any CPU
		{4381F0C1-EE20-407E-A85B-CF13C084552C}.AppStore|iPhone.Build.0 = Release|Any CPU
		{4381F0C1-EE20-407E-A85B-CF13C084552C}.AppStore|iPhone.Deploy.0 = Release|Any CPU
		{4381F0C1-EE20-407E-A85B-CF13C084552C}.AppStore|iPhoneSimulator.ActiveCfg = Release|Any CPU
		{4381F0C1-EE20-407E-A85B-CF13C084552C}.AppStore|iPhoneSimulator.Build.0 = Release|Any CPU
		{4381F0C1-EE20-407E-A85B-CF13C084552C}.AppStore|iPhoneSimulator.Deploy.0 = Release|Any CPU
		{4381F0C1-EE20-407E-A85B-CF13C084552C}.AppStore|x64.ActiveCfg = Release|Any CPU
		{4381F0C1-EE20-407E-A85B-CF13C084552C}.AppStore|x64.Build.0 = Release|Any CPU
		{4381F0C1-EE20-407E-A85B-CF13C084552C}.AppStore|x64.Deploy.0 = Release|Any CPU
		{4381F0C1-EE20-407E-A85B-CF13C084552C}.AppStore|x86.ActiveCfg = Release|Any CPU
		{4381F0C1-EE20-407E-A85B-CF13C084552C}.AppStore|x86.Build.0 = Release|Any CPU
		{4381F0C1-EE20-407E-A85B-CF13C084552C}.AppStore|x86.Deploy.0 = Release|Any CPU
		{4381F0C1-EE20-407E-A85B-CF13C084552C}.Debug|Any CPU.ActiveCfg = Debug|Any CPU
		{4381F0C1-EE20-407E-A85B-CF13C084552C}.Debug|Any CPU.Build.0 = Debug|Any CPU
		{4381F0C1-EE20-407E-A85B-CF13C084552C}.Debug|Any CPU.Deploy.0 = Debug|Any CPU
		{4381F0C1-EE20-407E-A85B-CF13C084552C}.Debug|ARM.ActiveCfg = Debug|Any CPU
		{4381F0C1-EE20-407E-A85B-CF13C084552C}.Debug|ARM.Build.0 = Debug|Any CPU
		{4381F0C1-EE20-407E-A85B-CF13C084552C}.Debug|ARM.Deploy.0 = Debug|Any CPU
		{4381F0C1-EE20-407E-A85B-CF13C084552C}.Debug|iPhone.ActiveCfg = Debug|Any CPU
		{4381F0C1-EE20-407E-A85B-CF13C084552C}.Debug|iPhone.Build.0 = Debug|Any CPU
		{4381F0C1-EE20-407E-A85B-CF13C084552C}.Debug|iPhone.Deploy.0 = Debug|Any CPU
		{4381F0C1-EE20-407E-A85B-CF13C084552C}.Debug|iPhoneSimulator.ActiveCfg = Debug|Any CPU
		{4381F0C1-EE20-407E-A85B-CF13C084552C}.Debug|iPhoneSimulator.Build.0 = Debug|Any CPU
		{4381F0C1-EE20-407E-A85B-CF13C084552C}.Debug|iPhoneSimulator.Deploy.0 = Debug|Any CPU
		{4381F0C1-EE20-407E-A85B-CF13C084552C}.Debug|x64.ActiveCfg = Debug|Any CPU
		{4381F0C1-EE20-407E-A85B-CF13C084552C}.Debug|x64.Build.0 = Debug|Any CPU
		{4381F0C1-EE20-407E-A85B-CF13C084552C}.Debug|x64.Deploy.0 = Debug|Any CPU
		{4381F0C1-EE20-407E-A85B-CF13C084552C}.Debug|x86.ActiveCfg = Debug|Any CPU
		{4381F0C1-EE20-407E-A85B-CF13C084552C}.Debug|x86.Build.0 = Debug|Any CPU
		{4381F0C1-EE20-407E-A85B-CF13C084552C}.Debug|x86.Deploy.0 = Debug|Any CPU
		{4381F0C1-EE20-407E-A85B-CF13C084552C}.Release|Any CPU.ActiveCfg = Release|Any CPU
		{4381F0C1-EE20-407E-A85B-CF13C084552C}.Release|Any CPU.Build.0 = Release|Any CPU
		{4381F0C1-EE20-407E-A85B-CF13C084552C}.Release|Any CPU.Deploy.0 = Release|Any CPU
		{4381F0C1-EE20-407E-A85B-CF13C084552C}.Release|ARM.ActiveCfg = Release|Any CPU
		{4381F0C1-EE20-407E-A85B-CF13C084552C}.Release|ARM.Build.0 = Release|Any CPU
		{4381F0C1-EE20-407E-A85B-CF13C084552C}.Release|ARM.Deploy.0 = Release|Any CPU
		{4381F0C1-EE20-407E-A85B-CF13C084552C}.Release|iPhone.ActiveCfg = Release|Any CPU
		{4381F0C1-EE20-407E-A85B-CF13C084552C}.Release|iPhone.Build.0 = Release|Any CPU
		{4381F0C1-EE20-407E-A85B-CF13C084552C}.Release|iPhone.Deploy.0 = Release|Any CPU
		{4381F0C1-EE20-407E-A85B-CF13C084552C}.Release|iPhoneSimulator.ActiveCfg = Release|Any CPU
		{4381F0C1-EE20-407E-A85B-CF13C084552C}.Release|iPhoneSimulator.Build.0 = Release|Any CPU
		{4381F0C1-EE20-407E-A85B-CF13C084552C}.Release|iPhoneSimulator.Deploy.0 = Release|Any CPU
		{4381F0C1-EE20-407E-A85B-CF13C084552C}.Release|x64.ActiveCfg = Release|Any CPU
		{4381F0C1-EE20-407E-A85B-CF13C084552C}.Release|x64.Build.0 = Release|Any CPU
		{4381F0C1-EE20-407E-A85B-CF13C084552C}.Release|x64.Deploy.0 = Release|Any CPU
		{4381F0C1-EE20-407E-A85B-CF13C084552C}.Release|x86.ActiveCfg = Release|Any CPU
		{4381F0C1-EE20-407E-A85B-CF13C084552C}.Release|x86.Build.0 = Release|Any CPU
		{4381F0C1-EE20-407E-A85B-CF13C084552C}.Release|x86.Deploy.0 = Release|Any CPU
		{12257C17-37B9-4A77-A81D-AA942A06A3A5}.Ad-Hoc|Any CPU.ActiveCfg = Ad-Hoc|iPhone
		{12257C17-37B9-4A77-A81D-AA942A06A3A5}.Ad-Hoc|Any CPU.Build.0 = Ad-Hoc|iPhone
		{12257C17-37B9-4A77-A81D-AA942A06A3A5}.Ad-Hoc|Any CPU.Deploy.0 = Ad-Hoc|iPhone
		{12257C17-37B9-4A77-A81D-AA942A06A3A5}.Ad-Hoc|ARM.ActiveCfg = Ad-Hoc|iPhone
		{12257C17-37B9-4A77-A81D-AA942A06A3A5}.Ad-Hoc|ARM.Build.0 = Ad-Hoc|iPhone
		{12257C17-37B9-4A77-A81D-AA942A06A3A5}.Ad-Hoc|ARM.Deploy.0 = Ad-Hoc|iPhone
		{12257C17-37B9-4A77-A81D-AA942A06A3A5}.Ad-Hoc|iPhone.ActiveCfg = Ad-Hoc|iPhone
		{12257C17-37B9-4A77-A81D-AA942A06A3A5}.Ad-Hoc|iPhone.Build.0 = Ad-Hoc|iPhone
		{12257C17-37B9-4A77-A81D-AA942A06A3A5}.Ad-Hoc|iPhone.Deploy.0 = Ad-Hoc|iPhone
		{12257C17-37B9-4A77-A81D-AA942A06A3A5}.Ad-Hoc|iPhoneSimulator.ActiveCfg = Ad-Hoc|iPhoneSimulator
		{12257C17-37B9-4A77-A81D-AA942A06A3A5}.Ad-Hoc|iPhoneSimulator.Build.0 = Ad-Hoc|iPhoneSimulator
		{12257C17-37B9-4A77-A81D-AA942A06A3A5}.Ad-Hoc|iPhoneSimulator.Deploy.0 = Ad-Hoc|iPhoneSimulator
		{12257C17-37B9-4A77-A81D-AA942A06A3A5}.Ad-Hoc|x64.ActiveCfg = Ad-Hoc|iPhone
		{12257C17-37B9-4A77-A81D-AA942A06A3A5}.Ad-Hoc|x64.Build.0 = Ad-Hoc|iPhone
		{12257C17-37B9-4A77-A81D-AA942A06A3A5}.Ad-Hoc|x64.Deploy.0 = Ad-Hoc|iPhone
		{12257C17-37B9-4A77-A81D-AA942A06A3A5}.Ad-Hoc|x86.ActiveCfg = Ad-Hoc|iPhone
		{12257C17-37B9-4A77-A81D-AA942A06A3A5}.Ad-Hoc|x86.Build.0 = Ad-Hoc|iPhone
		{12257C17-37B9-4A77-A81D-AA942A06A3A5}.Ad-Hoc|x86.Deploy.0 = Ad-Hoc|iPhone
		{12257C17-37B9-4A77-A81D-AA942A06A3A5}.AppStore|Any CPU.ActiveCfg = AppStore|iPhone
		{12257C17-37B9-4A77-A81D-AA942A06A3A5}.AppStore|Any CPU.Build.0 = AppStore|iPhone
		{12257C17-37B9-4A77-A81D-AA942A06A3A5}.AppStore|Any CPU.Deploy.0 = AppStore|iPhone
		{12257C17-37B9-4A77-A81D-AA942A06A3A5}.AppStore|ARM.ActiveCfg = AppStore|iPhone
		{12257C17-37B9-4A77-A81D-AA942A06A3A5}.AppStore|ARM.Build.0 = AppStore|iPhone
		{12257C17-37B9-4A77-A81D-AA942A06A3A5}.AppStore|ARM.Deploy.0 = AppStore|iPhone
		{12257C17-37B9-4A77-A81D-AA942A06A3A5}.AppStore|iPhone.ActiveCfg = AppStore|iPhone
		{12257C17-37B9-4A77-A81D-AA942A06A3A5}.AppStore|iPhone.Build.0 = AppStore|iPhone
		{12257C17-37B9-4A77-A81D-AA942A06A3A5}.AppStore|iPhone.Deploy.0 = AppStore|iPhone
		{12257C17-37B9-4A77-A81D-AA942A06A3A5}.AppStore|iPhoneSimulator.ActiveCfg = AppStore|iPhoneSimulator
		{12257C17-37B9-4A77-A81D-AA942A06A3A5}.AppStore|iPhoneSimulator.Build.0 = AppStore|iPhoneSimulator
		{12257C17-37B9-4A77-A81D-AA942A06A3A5}.AppStore|iPhoneSimulator.Deploy.0 = AppStore|iPhoneSimulator
		{12257C17-37B9-4A77-A81D-AA942A06A3A5}.AppStore|x64.ActiveCfg = AppStore|iPhone
		{12257C17-37B9-4A77-A81D-AA942A06A3A5}.AppStore|x64.Build.0 = AppStore|iPhone
		{12257C17-37B9-4A77-A81D-AA942A06A3A5}.AppStore|x64.Deploy.0 = AppStore|iPhone
		{12257C17-37B9-4A77-A81D-AA942A06A3A5}.AppStore|x86.ActiveCfg = AppStore|iPhone
		{12257C17-37B9-4A77-A81D-AA942A06A3A5}.AppStore|x86.Build.0 = AppStore|iPhone
		{12257C17-37B9-4A77-A81D-AA942A06A3A5}.AppStore|x86.Deploy.0 = AppStore|iPhone
		{12257C17-37B9-4A77-A81D-AA942A06A3A5}.Debug|Any CPU.ActiveCfg = Debug|iPhoneSimulator
		{12257C17-37B9-4A77-A81D-AA942A06A3A5}.Debug|Any CPU.Build.0 = Debug|iPhoneSimulator
		{12257C17-37B9-4A77-A81D-AA942A06A3A5}.Debug|Any CPU.Deploy.0 = Debug|iPhoneSimulator
		{12257C17-37B9-4A77-A81D-AA942A06A3A5}.Debug|ARM.ActiveCfg = Debug|iPhone
		{12257C17-37B9-4A77-A81D-AA942A06A3A5}.Debug|ARM.Build.0 = Debug|iPhone
		{12257C17-37B9-4A77-A81D-AA942A06A3A5}.Debug|ARM.Deploy.0 = Debug|iPhone
		{12257C17-37B9-4A77-A81D-AA942A06A3A5}.Debug|iPhone.ActiveCfg = Debug|iPhone
		{12257C17-37B9-4A77-A81D-AA942A06A3A5}.Debug|iPhone.Build.0 = Debug|iPhone
		{12257C17-37B9-4A77-A81D-AA942A06A3A5}.Debug|iPhone.Deploy.0 = Debug|iPhone
		{12257C17-37B9-4A77-A81D-AA942A06A3A5}.Debug|iPhoneSimulator.ActiveCfg = Debug|iPhoneSimulator
		{12257C17-37B9-4A77-A81D-AA942A06A3A5}.Debug|iPhoneSimulator.Build.0 = Debug|iPhoneSimulator
		{12257C17-37B9-4A77-A81D-AA942A06A3A5}.Debug|iPhoneSimulator.Deploy.0 = Debug|iPhoneSimulator
		{12257C17-37B9-4A77-A81D-AA942A06A3A5}.Debug|x64.ActiveCfg = Debug|iPhone
		{12257C17-37B9-4A77-A81D-AA942A06A3A5}.Debug|x64.Build.0 = Debug|iPhone
		{12257C17-37B9-4A77-A81D-AA942A06A3A5}.Debug|x64.Deploy.0 = Debug|iPhone
		{12257C17-37B9-4A77-A81D-AA942A06A3A5}.Debug|x86.ActiveCfg = Debug|iPhone
		{12257C17-37B9-4A77-A81D-AA942A06A3A5}.Debug|x86.Build.0 = Debug|iPhone
		{12257C17-37B9-4A77-A81D-AA942A06A3A5}.Debug|x86.Deploy.0 = Debug|iPhone
		{12257C17-37B9-4A77-A81D-AA942A06A3A5}.Release|Any CPU.ActiveCfg = Release|iPhone
		{12257C17-37B9-4A77-A81D-AA942A06A3A5}.Release|Any CPU.Build.0 = Release|iPhone
		{12257C17-37B9-4A77-A81D-AA942A06A3A5}.Release|Any CPU.Deploy.0 = Release|iPhone
		{12257C17-37B9-4A77-A81D-AA942A06A3A5}.Release|ARM.ActiveCfg = Release|iPhone
		{12257C17-37B9-4A77-A81D-AA942A06A3A5}.Release|ARM.Build.0 = Release|iPhone
		{12257C17-37B9-4A77-A81D-AA942A06A3A5}.Release|ARM.Deploy.0 = Release|iPhone
		{12257C17-37B9-4A77-A81D-AA942A06A3A5}.Release|iPhone.ActiveCfg = Release|iPhone
		{12257C17-37B9-4A77-A81D-AA942A06A3A5}.Release|iPhone.Build.0 = Release|iPhone
		{12257C17-37B9-4A77-A81D-AA942A06A3A5}.Release|iPhone.Deploy.0 = Release|iPhone
		{12257C17-37B9-4A77-A81D-AA942A06A3A5}.Release|iPhoneSimulator.ActiveCfg = Release|iPhoneSimulator
		{12257C17-37B9-4A77-A81D-AA942A06A3A5}.Release|iPhoneSimulator.Build.0 = Release|iPhoneSimulator
		{12257C17-37B9-4A77-A81D-AA942A06A3A5}.Release|iPhoneSimulator.Deploy.0 = Release|iPhoneSimulator
		{12257C17-37B9-4A77-A81D-AA942A06A3A5}.Release|x64.ActiveCfg = Release|iPhone
		{12257C17-37B9-4A77-A81D-AA942A06A3A5}.Release|x64.Build.0 = Release|iPhone
		{12257C17-37B9-4A77-A81D-AA942A06A3A5}.Release|x64.Deploy.0 = Release|iPhone
		{12257C17-37B9-4A77-A81D-AA942A06A3A5}.Release|x86.ActiveCfg = Release|iPhone
		{12257C17-37B9-4A77-A81D-AA942A06A3A5}.Release|x86.Build.0 = Release|iPhone
		{12257C17-37B9-4A77-A81D-AA942A06A3A5}.Release|x86.Deploy.0 = Release|iPhone
		{50056839-0814-410A-AA6E-4E0CA315136D}.Ad-Hoc|Any CPU.ActiveCfg = Release|x86
		{50056839-0814-410A-AA6E-4E0CA315136D}.Ad-Hoc|Any CPU.Build.0 = Release|x86
		{50056839-0814-410A-AA6E-4E0CA315136D}.Ad-Hoc|Any CPU.Deploy.0 = Release|x86
		{50056839-0814-410A-AA6E-4E0CA315136D}.Ad-Hoc|ARM.ActiveCfg = Release|ARM
		{50056839-0814-410A-AA6E-4E0CA315136D}.Ad-Hoc|ARM.Build.0 = Release|ARM
		{50056839-0814-410A-AA6E-4E0CA315136D}.Ad-Hoc|ARM.Deploy.0 = Release|ARM
		{50056839-0814-410A-AA6E-4E0CA315136D}.Ad-Hoc|iPhone.ActiveCfg = Release|x86
		{50056839-0814-410A-AA6E-4E0CA315136D}.Ad-Hoc|iPhone.Build.0 = Release|x86
		{50056839-0814-410A-AA6E-4E0CA315136D}.Ad-Hoc|iPhone.Deploy.0 = Release|x86
		{50056839-0814-410A-AA6E-4E0CA315136D}.Ad-Hoc|iPhoneSimulator.ActiveCfg = Release|x86
		{50056839-0814-410A-AA6E-4E0CA315136D}.Ad-Hoc|iPhoneSimulator.Build.0 = Release|x86
		{50056839-0814-410A-AA6E-4E0CA315136D}.Ad-Hoc|iPhoneSimulator.Deploy.0 = Release|x86
		{50056839-0814-410A-AA6E-4E0CA315136D}.Ad-Hoc|x64.ActiveCfg = Release|x64
		{50056839-0814-410A-AA6E-4E0CA315136D}.Ad-Hoc|x64.Build.0 = Release|x64
		{50056839-0814-410A-AA6E-4E0CA315136D}.Ad-Hoc|x64.Deploy.0 = Release|x64
		{50056839-0814-410A-AA6E-4E0CA315136D}.Ad-Hoc|x86.ActiveCfg = Release|x86
		{50056839-0814-410A-AA6E-4E0CA315136D}.Ad-Hoc|x86.Build.0 = Release|x86
		{50056839-0814-410A-AA6E-4E0CA315136D}.Ad-Hoc|x86.Deploy.0 = Release|x86
		{50056839-0814-410A-AA6E-4E0CA315136D}.AppStore|Any CPU.ActiveCfg = Release|x86
		{50056839-0814-410A-AA6E-4E0CA315136D}.AppStore|Any CPU.Build.0 = Release|x86
		{50056839-0814-410A-AA6E-4E0CA315136D}.AppStore|Any CPU.Deploy.0 = Release|x86
		{50056839-0814-410A-AA6E-4E0CA315136D}.AppStore|ARM.ActiveCfg = Release|ARM
		{50056839-0814-410A-AA6E-4E0CA315136D}.AppStore|ARM.Build.0 = Release|ARM
		{50056839-0814-410A-AA6E-4E0CA315136D}.AppStore|ARM.Deploy.0 = Release|ARM
		{50056839-0814-410A-AA6E-4E0CA315136D}.AppStore|iPhone.ActiveCfg = Release|x86
		{50056839-0814-410A-AA6E-4E0CA315136D}.AppStore|iPhone.Build.0 = Release|x86
		{50056839-0814-410A-AA6E-4E0CA315136D}.AppStore|iPhone.Deploy.0 = Release|x86
		{50056839-0814-410A-AA6E-4E0CA315136D}.AppStore|iPhoneSimulator.ActiveCfg = Release|x86
		{50056839-0814-410A-AA6E-4E0CA315136D}.AppStore|iPhoneSimulator.Build.0 = Release|x86
		{50056839-0814-410A-AA6E-4E0CA315136D}.AppStore|iPhoneSimulator.Deploy.0 = Release|x86
		{50056839-0814-410A-AA6E-4E0CA315136D}.AppStore|x64.ActiveCfg = Release|x64
		{50056839-0814-410A-AA6E-4E0CA315136D}.AppStore|x64.Build.0 = Release|x64
		{50056839-0814-410A-AA6E-4E0CA315136D}.AppStore|x64.Deploy.0 = Release|x64
		{50056839-0814-410A-AA6E-4E0CA315136D}.AppStore|x86.ActiveCfg = Release|x86
		{50056839-0814-410A-AA6E-4E0CA315136D}.AppStore|x86.Build.0 = Release|x86
		{50056839-0814-410A-AA6E-4E0CA315136D}.AppStore|x86.Deploy.0 = Release|x86
		{50056839-0814-410A-AA6E-4E0CA315136D}.Debug|Any CPU.ActiveCfg = Debug|x86
		{50056839-0814-410A-AA6E-4E0CA315136D}.Debug|Any CPU.Build.0 = Debug|x86
		{50056839-0814-410A-AA6E-4E0CA315136D}.Debug|Any CPU.Deploy.0 = Debug|x86
		{50056839-0814-410A-AA6E-4E0CA315136D}.Debug|ARM.ActiveCfg = Debug|ARM
		{50056839-0814-410A-AA6E-4E0CA315136D}.Debug|ARM.Build.0 = Debug|ARM
		{50056839-0814-410A-AA6E-4E0CA315136D}.Debug|ARM.Deploy.0 = Debug|ARM
		{50056839-0814-410A-AA6E-4E0CA315136D}.Debug|iPhone.ActiveCfg = Debug|x86
		{50056839-0814-410A-AA6E-4E0CA315136D}.Debug|iPhone.Build.0 = Debug|x86
		{50056839-0814-410A-AA6E-4E0CA315136D}.Debug|iPhone.Deploy.0 = Debug|x86
		{50056839-0814-410A-AA6E-4E0CA315136D}.Debug|iPhoneSimulator.ActiveCfg = Debug|x86
		{50056839-0814-410A-AA6E-4E0CA315136D}.Debug|iPhoneSimulator.Build.0 = Debug|x86
		{50056839-0814-410A-AA6E-4E0CA315136D}.Debug|iPhoneSimulator.Deploy.0 = Debug|x86
		{50056839-0814-410A-AA6E-4E0CA315136D}.Debug|x64.ActiveCfg = Debug|x64
		{50056839-0814-410A-AA6E-4E0CA315136D}.Debug|x64.Build.0 = Debug|x64
		{50056839-0814-410A-AA6E-4E0CA315136D}.Debug|x64.Deploy.0 = Debug|x64
		{50056839-0814-410A-AA6E-4E0CA315136D}.Debug|x86.ActiveCfg = Debug|x86
		{50056839-0814-410A-AA6E-4E0CA315136D}.Debug|x86.Build.0 = Debug|x86
		{50056839-0814-410A-AA6E-4E0CA315136D}.Debug|x86.Deploy.0 = Debug|x86
		{50056839-0814-410A-AA6E-4E0CA315136D}.Release|Any CPU.ActiveCfg = Release|x86
		{50056839-0814-410A-AA6E-4E0CA315136D}.Release|Any CPU.Build.0 = Release|x86
		{50056839-0814-410A-AA6E-4E0CA315136D}.Release|Any CPU.Deploy.0 = Release|x86
		{50056839-0814-410A-AA6E-4E0CA315136D}.Release|ARM.ActiveCfg = Release|ARM
		{50056839-0814-410A-AA6E-4E0CA315136D}.Release|ARM.Build.0 = Release|ARM
		{50056839-0814-410A-AA6E-4E0CA315136D}.Release|ARM.Deploy.0 = Release|ARM
		{50056839-0814-410A-AA6E-4E0CA315136D}.Release|iPhone.ActiveCfg = Release|x86
		{50056839-0814-410A-AA6E-4E0CA315136D}.Release|iPhone.Build.0 = Release|x86
		{50056839-0814-410A-AA6E-4E0CA315136D}.Release|iPhone.Deploy.0 = Release|x86
		{50056839-0814-410A-AA6E-4E0CA315136D}.Release|iPhoneSimulator.ActiveCfg = Release|x86
		{50056839-0814-410A-AA6E-4E0CA315136D}.Release|iPhoneSimulator.Build.0 = Release|x86
		{50056839-0814-410A-AA6E-4E0CA315136D}.Release|iPhoneSimulator.Deploy.0 = Release|x86
		{50056839-0814-410A-AA6E-4E0CA315136D}.Release|x64.ActiveCfg = Release|x64
		{50056839-0814-410A-AA6E-4E0CA315136D}.Release|x64.Build.0 = Release|x64
		{50056839-0814-410A-AA6E-4E0CA315136D}.Release|x64.Deploy.0 = Release|x64
		{50056839-0814-410A-AA6E-4E0CA315136D}.Release|x86.ActiveCfg = Release|x86
		{50056839-0814-410A-AA6E-4E0CA315136D}.Release|x86.Build.0 = Release|x86
		{50056839-0814-410A-AA6E-4E0CA315136D}.Release|x86.Deploy.0 = Release|x86
		{2170F82E-D757-4197-817B-A21422583CBF}.Ad-Hoc|Any CPU.ActiveCfg = Debug|Any CPU
		{2170F82E-D757-4197-817B-A21422583CBF}.Ad-Hoc|Any CPU.Build.0 = Debug|Any CPU
		{2170F82E-D757-4197-817B-A21422583CBF}.Ad-Hoc|Any CPU.Deploy.0 = Debug|Any CPU
		{2170F82E-D757-4197-817B-A21422583CBF}.Ad-Hoc|ARM.ActiveCfg = Debug|Any CPU
		{2170F82E-D757-4197-817B-A21422583CBF}.Ad-Hoc|ARM.Build.0 = Debug|Any CPU
		{2170F82E-D757-4197-817B-A21422583CBF}.Ad-Hoc|ARM.Deploy.0 = Debug|Any CPU
		{2170F82E-D757-4197-817B-A21422583CBF}.Ad-Hoc|iPhone.ActiveCfg = Debug|Any CPU
		{2170F82E-D757-4197-817B-A21422583CBF}.Ad-Hoc|iPhone.Build.0 = Debug|Any CPU
		{2170F82E-D757-4197-817B-A21422583CBF}.Ad-Hoc|iPhone.Deploy.0 = Debug|Any CPU
		{2170F82E-D757-4197-817B-A21422583CBF}.Ad-Hoc|iPhoneSimulator.ActiveCfg = Debug|Any CPU
		{2170F82E-D757-4197-817B-A21422583CBF}.Ad-Hoc|iPhoneSimulator.Build.0 = Debug|Any CPU
		{2170F82E-D757-4197-817B-A21422583CBF}.Ad-Hoc|iPhoneSimulator.Deploy.0 = Debug|Any CPU
		{2170F82E-D757-4197-817B-A21422583CBF}.Ad-Hoc|x64.ActiveCfg = Debug|Any CPU
		{2170F82E-D757-4197-817B-A21422583CBF}.Ad-Hoc|x64.Build.0 = Debug|Any CPU
		{2170F82E-D757-4197-817B-A21422583CBF}.Ad-Hoc|x64.Deploy.0 = Debug|Any CPU
		{2170F82E-D757-4197-817B-A21422583CBF}.Ad-Hoc|x86.ActiveCfg = Debug|Any CPU
		{2170F82E-D757-4197-817B-A21422583CBF}.Ad-Hoc|x86.Build.0 = Debug|Any CPU
		{2170F82E-D757-4197-817B-A21422583CBF}.Ad-Hoc|x86.Deploy.0 = Debug|Any CPU
		{2170F82E-D757-4197-817B-A21422583CBF}.AppStore|Any CPU.ActiveCfg = Debug|Any CPU
		{2170F82E-D757-4197-817B-A21422583CBF}.AppStore|Any CPU.Build.0 = Debug|Any CPU
		{2170F82E-D757-4197-817B-A21422583CBF}.AppStore|Any CPU.Deploy.0 = Debug|Any CPU
		{2170F82E-D757-4197-817B-A21422583CBF}.AppStore|ARM.ActiveCfg = Debug|Any CPU
		{2170F82E-D757-4197-817B-A21422583CBF}.AppStore|ARM.Build.0 = Debug|Any CPU
		{2170F82E-D757-4197-817B-A21422583CBF}.AppStore|ARM.Deploy.0 = Debug|Any CPU
		{2170F82E-D757-4197-817B-A21422583CBF}.AppStore|iPhone.ActiveCfg = Debug|Any CPU
		{2170F82E-D757-4197-817B-A21422583CBF}.AppStore|iPhone.Build.0 = Debug|Any CPU
		{2170F82E-D757-4197-817B-A21422583CBF}.AppStore|iPhone.Deploy.0 = Debug|Any CPU
		{2170F82E-D757-4197-817B-A21422583CBF}.AppStore|iPhoneSimulator.ActiveCfg = Debug|Any CPU
		{2170F82E-D757-4197-817B-A21422583CBF}.AppStore|iPhoneSimulator.Build.0 = Debug|Any CPU
		{2170F82E-D757-4197-817B-A21422583CBF}.AppStore|iPhoneSimulator.Deploy.0 = Debug|Any CPU
		{2170F82E-D757-4197-817B-A21422583CBF}.AppStore|x64.ActiveCfg = Debug|Any CPU
		{2170F82E-D757-4197-817B-A21422583CBF}.AppStore|x64.Build.0 = Debug|Any CPU
		{2170F82E-D757-4197-817B-A21422583CBF}.AppStore|x64.Deploy.0 = Debug|Any CPU
		{2170F82E-D757-4197-817B-A21422583CBF}.AppStore|x86.ActiveCfg = Debug|Any CPU
		{2170F82E-D757-4197-817B-A21422583CBF}.AppStore|x86.Build.0 = Debug|Any CPU
		{2170F82E-D757-4197-817B-A21422583CBF}.AppStore|x86.Deploy.0 = Debug|Any CPU
		{2170F82E-D757-4197-817B-A21422583CBF}.Debug|Any CPU.ActiveCfg = Debug|Any CPU
		{2170F82E-D757-4197-817B-A21422583CBF}.Debug|Any CPU.Build.0 = Debug|Any CPU
		{2170F82E-D757-4197-817B-A21422583CBF}.Debug|Any CPU.Deploy.0 = Debug|Any CPU
		{2170F82E-D757-4197-817B-A21422583CBF}.Debug|ARM.ActiveCfg = Debug|Any CPU
		{2170F82E-D757-4197-817B-A21422583CBF}.Debug|ARM.Build.0 = Debug|Any CPU
		{2170F82E-D757-4197-817B-A21422583CBF}.Debug|ARM.Deploy.0 = Debug|Any CPU
		{2170F82E-D757-4197-817B-A21422583CBF}.Debug|iPhone.ActiveCfg = Debug|Any CPU
		{2170F82E-D757-4197-817B-A21422583CBF}.Debug|iPhone.Build.0 = Debug|Any CPU
		{2170F82E-D757-4197-817B-A21422583CBF}.Debug|iPhone.Deploy.0 = Debug|Any CPU
		{2170F82E-D757-4197-817B-A21422583CBF}.Debug|iPhoneSimulator.ActiveCfg = Debug|Any CPU
		{2170F82E-D757-4197-817B-A21422583CBF}.Debug|iPhoneSimulator.Build.0 = Debug|Any CPU
		{2170F82E-D757-4197-817B-A21422583CBF}.Debug|iPhoneSimulator.Deploy.0 = Debug|Any CPU
		{2170F82E-D757-4197-817B-A21422583CBF}.Debug|x64.ActiveCfg = Debug|Any CPU
		{2170F82E-D757-4197-817B-A21422583CBF}.Debug|x64.Build.0 = Debug|Any CPU
		{2170F82E-D757-4197-817B-A21422583CBF}.Debug|x64.Deploy.0 = Debug|Any CPU
		{2170F82E-D757-4197-817B-A21422583CBF}.Debug|x86.ActiveCfg = Debug|Any CPU
		{2170F82E-D757-4197-817B-A21422583CBF}.Debug|x86.Build.0 = Debug|Any CPU
		{2170F82E-D757-4197-817B-A21422583CBF}.Debug|x86.Deploy.0 = Debug|Any CPU
		{2170F82E-D757-4197-817B-A21422583CBF}.Release|Any CPU.ActiveCfg = Release|Any CPU
		{2170F82E-D757-4197-817B-A21422583CBF}.Release|Any CPU.Build.0 = Release|Any CPU
		{2170F82E-D757-4197-817B-A21422583CBF}.Release|Any CPU.Deploy.0 = Release|Any CPU
		{2170F82E-D757-4197-817B-A21422583CBF}.Release|ARM.ActiveCfg = Release|Any CPU
		{2170F82E-D757-4197-817B-A21422583CBF}.Release|ARM.Build.0 = Release|Any CPU
		{2170F82E-D757-4197-817B-A21422583CBF}.Release|ARM.Deploy.0 = Release|Any CPU
		{2170F82E-D757-4197-817B-A21422583CBF}.Release|iPhone.ActiveCfg = Release|Any CPU
		{2170F82E-D757-4197-817B-A21422583CBF}.Release|iPhone.Build.0 = Release|Any CPU
		{2170F82E-D757-4197-817B-A21422583CBF}.Release|iPhone.Deploy.0 = Release|Any CPU
		{2170F82E-D757-4197-817B-A21422583CBF}.Release|iPhoneSimulator.ActiveCfg = Release|Any CPU
		{2170F82E-D757-4197-817B-A21422583CBF}.Release|iPhoneSimulator.Build.0 = Release|Any CPU
		{2170F82E-D757-4197-817B-A21422583CBF}.Release|iPhoneSimulator.Deploy.0 = Release|Any CPU
		{2170F82E-D757-4197-817B-A21422583CBF}.Release|x64.ActiveCfg = Release|Any CPU
		{2170F82E-D757-4197-817B-A21422583CBF}.Release|x64.Build.0 = Release|Any CPU
		{2170F82E-D757-4197-817B-A21422583CBF}.Release|x64.Deploy.0 = Release|Any CPU
		{2170F82E-D757-4197-817B-A21422583CBF}.Release|x86.ActiveCfg = Release|Any CPU
		{2170F82E-D757-4197-817B-A21422583CBF}.Release|x86.Build.0 = Release|Any CPU
		{2170F82E-D757-4197-817B-A21422583CBF}.Release|x86.Deploy.0 = Release|Any CPU
	EndGlobalSection
	GlobalSection(SolutionProperties) = preSolution
		HideSolutionNode = FALSE
	EndGlobalSection
	GlobalSection(ExtensibilityGlobals) = postSolution
		SolutionGuid = {06C722B5-095B-404D-AE4A-14703A158663}
	EndGlobalSection
EndGlobal
